// !$*UTF8*$!
{
	archiveVersion = 1;
	classes = {
	};
	objectVersion = 50;
	objects = {

/* Begin PBXBuildFile section */
		1D22029A224AB5850080CF7D /* Plate.swift in Sources */ = {isa = PBXBuildFile; fileRef = 1D22028E224AB5850080CF7D /* Plate.swift */; };
		1D22029B224AB5850080CF7D /* Food.swift in Sources */ = {isa = PBXBuildFile; fileRef = 1D22028F224AB5850080CF7D /* Food.swift */; };
		1D22029C224AB5850080CF7D /* Ladder.swift in Sources */ = {isa = PBXBuildFile; fileRef = 1D220290224AB5850080CF7D /* Ladder.swift */; };
		1D22029D224AB5850080CF7D /* Slime.swift in Sources */ = {isa = PBXBuildFile; fileRef = 1D220291224AB5850080CF7D /* Slime.swift */; };
		1D22029E224AB5850080CF7D /* CookingEquipment.swift in Sources */ = {isa = PBXBuildFile; fileRef = 1D220292224AB5850080CF7D /* CookingEquipment.swift */; };
		1D22029F224AB5850080CF7D /* Order.swift in Sources */ = {isa = PBXBuildFile; fileRef = 1D220293224AB5850080CF7D /* Order.swift */; };
		1D2202A0224AB5850080CF7D /* Slime+Movements.swift in Sources */ = {isa = PBXBuildFile; fileRef = 1D220294224AB5850080CF7D /* Slime+Movements.swift */; };
		1D2202A1224AB5850080CF7D /* Stage.swift in Sources */ = {isa = PBXBuildFile; fileRef = 1D220295224AB5850080CF7D /* Stage.swift */; };
		1D2202A2224AB5850080CF7D /* Ingredient.swift in Sources */ = {isa = PBXBuildFile; fileRef = 1D220296224AB5850080CF7D /* Ingredient.swift */; };
		1D2202A3224AB5850080CF7D /* StageConstants.swift in Sources */ = {isa = PBXBuildFile; fileRef = 1D220297224AB5850080CF7D /* StageConstants.swift */; };
		1D2202A5224AB5850080CF7D /* Spaceship.swift in Sources */ = {isa = PBXBuildFile; fileRef = 1D220299224AB5850080CF7D /* Spaceship.swift */; };
		1D2202AD224AB68F0080CF7D /* PlateStorage.swift in Sources */ = {isa = PBXBuildFile; fileRef = 1D2202AC224AB68F0080CF7D /* PlateStorage.swift */; };
		1DD6EBE1224E368C006FF6CD /* ChoppingEquipment.swift in Sources */ = {isa = PBXBuildFile; fileRef = 1DD6EBE0224E368C006FF6CD /* ChoppingEquipment.swift */; };
		1DE6FC5A224CA45700B36F48 /* Station.swift in Sources */ = {isa = PBXBuildFile; fileRef = 1DE6FC59224CA45700B36F48 /* Station.swift */; };
		1DE6FC5C224CA46700B36F48 /* Table.swift in Sources */ = {isa = PBXBuildFile; fileRef = 1DE6FC5B224CA46700B36F48 /* Table.swift */; };
		1DE6FC5E224CA4AD00B36F48 /* StoreFront.swift in Sources */ = {isa = PBXBuildFile; fileRef = 1DE6FC5D224CA4AD00B36F48 /* StoreFront.swift */; };
		1DE6FC61224CA9A200B36F48 /* Recipe.swift in Sources */ = {isa = PBXBuildFile; fileRef = 1DE6FC60224CA9A200B36F48 /* Recipe.swift */; };
		1DE6FC63224D12F600B36F48 /* IngredientStorage.swift in Sources */ = {isa = PBXBuildFile; fileRef = 1DE6FC62224D12F600B36F48 /* IngredientStorage.swift */; };
		1DE6FC65224D1D3900B36F48 /* Oven.swift in Sources */ = {isa = PBXBuildFile; fileRef = 1DE6FC64224D1D3900B36F48 /* Oven.swift */; };
		1DE6FC67224D1E3C00B36F48 /* FryingEquipment.swift in Sources */ = {isa = PBXBuildFile; fileRef = 1DE6FC66224D1E3C00B36F48 /* FryingEquipment.swift */; };
		1DE6FC6B224D26A200B36F48 /* Trash.swift in Sources */ = {isa = PBXBuildFile; fileRef = 1DE6FC6A224D26A200B36F48 /* Trash.swift */; };
		37DD4A30AF224607DB45BEA8 /* Pods_slimeTests.framework in Frameworks */ = {isa = PBXBuildFile; fileRef = 7AEF608125BA354580F060C8 /* Pods_slimeTests.framework */; };
		8B81EFBC224344AD007BFDB0 /* Slime.atlas in Resources */ = {isa = PBXBuildFile; fileRef = 8B81EFBB224344AD007BFDB0 /* Slime.atlas */; };
		8BD816AF22422C6700586180 /* Extensions.swift in Sources */ = {isa = PBXBuildFile; fileRef = 8BD816AE22422C6700586180 /* Extensions.swift */; };
		8BD816B3224262F100586180 /* AnalogJoystick.swift in Sources */ = {isa = PBXBuildFile; fileRef = 8BD816B2224262F100586180 /* AnalogJoystick.swift */; };
		8BD816B922426D1400586180 /* BDButton.swift in Sources */ = {isa = PBXBuildFile; fileRef = 8BD816B822426D1400586180 /* BDButton.swift */; };
		8BEDCD392247F10100E24A20 /* Level1.plist in Resources */ = {isa = PBXBuildFile; fileRef = 8BEDCD382247F10100E24A20 /* Level1.plist */; };
		8BEDCD43224E089A00E24A20 /* SerializableGameData.swift in Sources */ = {isa = PBXBuildFile; fileRef = 8BEDCD42224E089A00E24A20 /* SerializableGameData.swift */; };
		BA7CC9239365F389C9C1FA05 /* Pods_slime.framework in Frameworks */ = {isa = PBXBuildFile; fileRef = E7F0D50F4B0E911D0C328800 /* Pods_slime.framework */; };
		EC21B40022420CA700827121 /* LevelPlayButton.xib in Resources */ = {isa = PBXBuildFile; fileRef = EC21B3FF22420CA700827121 /* LevelPlayButton.xib */; };
		EC21B40222420D4100827121 /* DesignableView.swift in Sources */ = {isa = PBXBuildFile; fileRef = EC21B40122420D4100827121 /* DesignableView.swift */; };
		EC21B4052242155600827121 /* LoadingScreenView.xib in Resources */ = {isa = PBXBuildFile; fileRef = EC21B4042242155600827121 /* LoadingScreenView.xib */; };
		EC21B407224216C500827121 /* LoadingScreenView.swift in Sources */ = {isa = PBXBuildFile; fileRef = EC21B406224216C500827121 /* LoadingScreenView.swift */; };
		EC21B409224217E200827121 /* LoadingScreenViewController.swift in Sources */ = {isa = PBXBuildFile; fileRef = EC21B408224217E200827121 /* LoadingScreenViewController.swift */; };
		EC38241E2238803A000D7148 /* AppDelegate.swift in Sources */ = {isa = PBXBuildFile; fileRef = EC38241D2238803A000D7148 /* AppDelegate.swift */; };
		EC3824202238803A000D7148 /* TitleScreenViewController.swift in Sources */ = {isa = PBXBuildFile; fileRef = EC38241F2238803A000D7148 /* TitleScreenViewController.swift */; };
		EC3824232238803A000D7148 /* Main.storyboard in Resources */ = {isa = PBXBuildFile; fileRef = EC3824212238803A000D7148 /* Main.storyboard */; };
		EC3824252238803D000D7148 /* Assets.xcassets in Resources */ = {isa = PBXBuildFile; fileRef = EC3824242238803D000D7148 /* Assets.xcassets */; };
		EC3824282238803D000D7148 /* LaunchScreen.storyboard in Resources */ = {isa = PBXBuildFile; fileRef = EC3824262238803D000D7148 /* LaunchScreen.storyboard */; };
		EC3824332238803D000D7148 /* slimeTests.swift in Sources */ = {isa = PBXBuildFile; fileRef = EC3824322238803D000D7148 /* slimeTests.swift */; };
		EC38243F223882C5000D7148 /* PrimaryButton.xib in Resources */ = {isa = PBXBuildFile; fileRef = EC38243E223882C5000D7148 /* PrimaryButton.xib */; };
		EC38244322388389000D7148 /* XibView.swift in Sources */ = {isa = PBXBuildFile; fileRef = EC38244222388389000D7148 /* XibView.swift */; };
		EC38244722388CB1000D7148 /* PrimaryButtonController.swift in Sources */ = {isa = PBXBuildFile; fileRef = EC38244622388CB1000D7148 /* PrimaryButtonController.swift */; };
		EC38244B22389649000D7148 /* ImageProvider.swift in Sources */ = {isa = PBXBuildFile; fileRef = EC38244A22389649000D7148 /* ImageProvider.swift */; };
		EC38244D22389DAD000D7148 /* UIViewExtension.swift in Sources */ = {isa = PBXBuildFile; fileRef = EC38244C22389DAD000D7148 /* UIViewExtension.swift */; };
		EC38244F2238F023000D7148 /* PrimaryButton.swift in Sources */ = {isa = PBXBuildFile; fileRef = EC38244E2238F023000D7148 /* PrimaryButton.swift */; };
		EC3824512238FB3D000D7148 /* ButtonController.swift in Sources */ = {isa = PBXBuildFile; fileRef = EC3824502238FB3D000D7148 /* ButtonController.swift */; };
		EC38245422390789000D7148 /* ScrollingBackgroundViewController.swift in Sources */ = {isa = PBXBuildFile; fileRef = EC38245322390789000D7148 /* ScrollingBackgroundViewController.swift */; };
		EC3824562239116D000D7148 /* CGRectExtension.swift in Sources */ = {isa = PBXBuildFile; fileRef = EC3824552239116D000D7148 /* CGRectExtension.swift */; };
		EC38245A223A0F6F000D7148 /* TextLabel.swift in Sources */ = {isa = PBXBuildFile; fileRef = EC382459223A0F6F000D7148 /* TextLabel.swift */; };
		EC38245C223A100B000D7148 /* TextStyles.swift in Sources */ = {isa = PBXBuildFile; fileRef = EC38245B223A100B000D7148 /* TextStyles.swift */; };
		EC38245F223A17F7000D7148 /* Squidgy Slimes.ttf in Resources */ = {isa = PBXBuildFile; fileRef = EC38245E223A17F7000D7148 /* Squidgy Slimes.ttf */; };
		EC38246A223A1803000D7148 /* Rubik-Light.ttf in Resources */ = {isa = PBXBuildFile; fileRef = EC382460223A1802000D7148 /* Rubik-Light.ttf */; };
		EC38246B223A1803000D7148 /* Rubik-Regular.ttf in Resources */ = {isa = PBXBuildFile; fileRef = EC382461223A1802000D7148 /* Rubik-Regular.ttf */; };
		EC38246C223A1803000D7148 /* Rubik-BoldItalic.ttf in Resources */ = {isa = PBXBuildFile; fileRef = EC382462223A1802000D7148 /* Rubik-BoldItalic.ttf */; };
		EC38246D223A1803000D7148 /* Rubik-Bold.ttf in Resources */ = {isa = PBXBuildFile; fileRef = EC382463223A1802000D7148 /* Rubik-Bold.ttf */; };
		EC38246E223A1803000D7148 /* Rubik-Italic.ttf in Resources */ = {isa = PBXBuildFile; fileRef = EC382464223A1803000D7148 /* Rubik-Italic.ttf */; };
		EC38246F223A1803000D7148 /* Rubik-LightItalic.ttf in Resources */ = {isa = PBXBuildFile; fileRef = EC382465223A1803000D7148 /* Rubik-LightItalic.ttf */; };
		EC382470223A1803000D7148 /* Rubik-BlackItalic.ttf in Resources */ = {isa = PBXBuildFile; fileRef = EC382466223A1803000D7148 /* Rubik-BlackItalic.ttf */; };
		EC382471223A1803000D7148 /* Rubik-MediumItalic.ttf in Resources */ = {isa = PBXBuildFile; fileRef = EC382467223A1803000D7148 /* Rubik-MediumItalic.ttf */; };
		EC382472223A1803000D7148 /* Rubik-Medium.ttf in Resources */ = {isa = PBXBuildFile; fileRef = EC382468223A1803000D7148 /* Rubik-Medium.ttf */; };
		EC382473223A1803000D7148 /* Rubik-Black.ttf in Resources */ = {isa = PBXBuildFile; fileRef = EC382469223A1803000D7148 /* Rubik-Black.ttf */; };
		EC382475223A1AA4000D7148 /* ColorStyles.swift in Sources */ = {isa = PBXBuildFile; fileRef = EC382474223A1AA4000D7148 /* ColorStyles.swift */; };
		EC382479223A1BE7000D7148 /* PrimaryButtonColor.swift in Sources */ = {isa = PBXBuildFile; fileRef = EC382478223A1BE7000D7148 /* PrimaryButtonColor.swift */; };
		EC38247D223A2344000D7148 /* UIColorExtension.swift in Sources */ = {isa = PBXBuildFile; fileRef = EC38247C223A2344000D7148 /* UIColorExtension.swift */; };
		EC382480223A2999000D7148 /* PlayMenuButton.xib in Resources */ = {isa = PBXBuildFile; fileRef = EC38247F223A2999000D7148 /* PlayMenuButton.xib */; };
		EC382482223A2AF5000D7148 /* PlayMenuButton.swift in Sources */ = {isa = PBXBuildFile; fileRef = EC382481223A2AF5000D7148 /* PlayMenuButton.swift */; };
		EC382484223A2B6C000D7148 /* PlayMenuButtonController.swift in Sources */ = {isa = PBXBuildFile; fileRef = EC382483223A2B6C000D7148 /* PlayMenuButtonController.swift */; };
		EC40E4AC223D61320073D755 /* CreditsSceneViewController.swift in Sources */ = {isa = PBXBuildFile; fileRef = EC40E4AB223D61320073D755 /* CreditsSceneViewController.swift */; };
		EC40E4AE223F97E50073D755 /* SettingsScreenView.xib in Resources */ = {isa = PBXBuildFile; fileRef = EC40E4AD223F97E50073D755 /* SettingsScreenView.xib */; };
		EC40E4B0223F983E0073D755 /* SettingsScreenView.swift in Sources */ = {isa = PBXBuildFile; fileRef = EC40E4AF223F983E0073D755 /* SettingsScreenView.swift */; };
		EC40E4B2223F986D0073D755 /* SettingsScreenViewController.swift in Sources */ = {isa = PBXBuildFile; fileRef = EC40E4B1223F986D0073D755 /* SettingsScreenViewController.swift */; };
		EC40E4B4223F98EF0073D755 /* RouteTransitionHandler.swift in Sources */ = {isa = PBXBuildFile; fileRef = EC40E4B3223F98EF0073D755 /* RouteTransitionHandler.swift */; };
		EC449B22223A35BE00A8EA35 /* PlayScreenViewController.swift in Sources */ = {isa = PBXBuildFile; fileRef = EC449B21223A35BE00A8EA35 /* PlayScreenViewController.swift */; };
		EC449B75223B7E6300A8EA35 /* TitleScreenView.xib in Resources */ = {isa = PBXBuildFile; fileRef = EC449B74223B7E6300A8EA35 /* TitleScreenView.xib */; };
		EC449B77223B81FE00A8EA35 /* PlayScreenView.xib in Resources */ = {isa = PBXBuildFile; fileRef = EC449B76223B81FE00A8EA35 /* PlayScreenView.xib */; };
		EC449B79223B82A600A8EA35 /* MainController.swift in Sources */ = {isa = PBXBuildFile; fileRef = EC449B78223B82A600A8EA35 /* MainController.swift */; };
		EC449B7B223B83DA00A8EA35 /* Router.swift in Sources */ = {isa = PBXBuildFile; fileRef = EC449B7A223B83DA00A8EA35 /* Router.swift */; };
		EC449B7D223B873600A8EA35 /* RouterViewController.swift in Sources */ = {isa = PBXBuildFile; fileRef = EC449B7C223B873600A8EA35 /* RouterViewController.swift */; };
		EC449B7F223B889400A8EA35 /* TitleScreenView.swift in Sources */ = {isa = PBXBuildFile; fileRef = EC449B7E223B889400A8EA35 /* TitleScreenView.swift */; };
		EC449B81223B8C0C00A8EA35 /* PlayScreenView.swift in Sources */ = {isa = PBXBuildFile; fileRef = EC449B80223B8C0C00A8EA35 /* PlayScreenView.swift */; };
		EC449B83223B917C00A8EA35 /* CGPointExtension.swift in Sources */ = {isa = PBXBuildFile; fileRef = EC449B82223B917C00A8EA35 /* CGPointExtension.swift */; };
		EC449B85223BA48100A8EA35 /* LevelSelectView.swift in Sources */ = {isa = PBXBuildFile; fileRef = EC449B84223BA48100A8EA35 /* LevelSelectView.swift */; };
		EC449B87223BA49D00A8EA35 /* LevelSelectView.xib in Resources */ = {isa = PBXBuildFile; fileRef = EC449B86223BA49D00A8EA35 /* LevelSelectView.xib */; };
		EC449B89223BAA8100A8EA35 /* LevelSelectViewController.swift in Sources */ = {isa = PBXBuildFile; fileRef = EC449B88223BAA8100A8EA35 /* LevelSelectViewController.swift */; };
		EC449B8B223BACD500A8EA35 /* StoryModeLevelSelectView.xib in Resources */ = {isa = PBXBuildFile; fileRef = EC449B8A223BACD500A8EA35 /* StoryModeLevelSelectView.xib */; };
		EC449B8E223BAD4400A8EA35 /* MapDot.xib in Resources */ = {isa = PBXBuildFile; fileRef = EC449B8D223BAD4400A8EA35 /* MapDot.xib */; };
		EC449B90223BADBB00A8EA35 /* LevelDetailsBox.xib in Resources */ = {isa = PBXBuildFile; fileRef = EC449B8F223BADBB00A8EA35 /* LevelDetailsBox.xib */; };
		EC449B92223BB01C00A8EA35 /* LevelDetailsBox.swift in Sources */ = {isa = PBXBuildFile; fileRef = EC449B91223BB01C00A8EA35 /* LevelDetailsBox.swift */; };
		EC449B94223BB08700A8EA35 /* LevelDetailsBoxController.swift in Sources */ = {isa = PBXBuildFile; fileRef = EC449B93223BB08700A8EA35 /* LevelDetailsBoxController.swift */; };
		EC449B96223BB1D400A8EA35 /* StoryModeLevelSelectView.swift in Sources */ = {isa = PBXBuildFile; fileRef = EC449B95223BB1D400A8EA35 /* StoryModeLevelSelectView.swift */; };
		EC449B98223BB20400A8EA35 /* StoryModeLevelSelectController.swift in Sources */ = {isa = PBXBuildFile; fileRef = EC449B97223BB20400A8EA35 /* StoryModeLevelSelectController.swift */; };
		EC449B9B223BB9EA00A8EA35 /* levels.json in Resources */ = {isa = PBXBuildFile; fileRef = EC449B9A223BB9E900A8EA35 /* levels.json */; };
		EC449B9E223BBA0300A8EA35 /* Level.swift in Sources */ = {isa = PBXBuildFile; fileRef = EC449B9D223BBA0300A8EA35 /* Level.swift */; };
		EC4924E42246163C007B9797 /* LevelPlaceView.xib in Resources */ = {isa = PBXBuildFile; fileRef = EC4924E32246163C007B9797 /* LevelPlaceView.xib */; };
		EC4924E8224618E6007B9797 /* LevelPlaceView.swift in Sources */ = {isa = PBXBuildFile; fileRef = EC4924E7224618E6007B9797 /* LevelPlaceView.swift */; };
		EC4924EB22461FEC007B9797 /* OrderBlob.xib in Resources */ = {isa = PBXBuildFile; fileRef = EC4924EA22461FEC007B9797 /* OrderBlob.xib */; };
		EC4924ED2246210C007B9797 /* OrderBlob.swift in Sources */ = {isa = PBXBuildFile; fileRef = EC4924EC2246210C007B9797 /* OrderBlob.swift */; };
		EC4924EF22462174007B9797 /* OrderBlobController.swift in Sources */ = {isa = PBXBuildFile; fileRef = EC4924EE22462174007B9797 /* OrderBlobController.swift */; };
		EC4924F12246220A007B9797 /* OrderBlobRecipe.swift in Sources */ = {isa = PBXBuildFile; fileRef = EC4924F02246220A007B9797 /* OrderBlobRecipe.swift */; };
		EC4924F42248D616007B9797 /* RatingView.xib in Resources */ = {isa = PBXBuildFile; fileRef = EC4924F32248D616007B9797 /* RatingView.xib */; };
		EC4924F62248D638007B9797 /* RatingView.swift in Sources */ = {isa = PBXBuildFile; fileRef = EC4924F52248D638007B9797 /* RatingView.swift */; };
		EC4924F82248D877007B9797 /* RatingViewController.swift in Sources */ = {isa = PBXBuildFile; fileRef = EC4924F72248D877007B9797 /* RatingViewController.swift */; };
		EC79FFEE2242238C002E8FE7 /* GameViewController.swift in Sources */ = {isa = PBXBuildFile; fileRef = EC79FFED2242238C002E8FE7 /* GameViewController.swift */; };
		ECA66DBE223D2A1B00D1D0BC /* LevelPlaceController.swift in Sources */ = {isa = PBXBuildFile; fileRef = ECA66DBD223D2A1B00D1D0BC /* LevelPlaceController.swift */; };
		ECA66DC2223D5DD100D1D0BC /* CreditsScreenView.xib in Resources */ = {isa = PBXBuildFile; fileRef = ECA66DC1223D5DD100D1D0BC /* CreditsScreenView.xib */; };
		ECA66DC4223D5F4000D1D0BC /* CreditsScreenView.swift in Sources */ = {isa = PBXBuildFile; fileRef = ECA66DC3223D5F4000D1D0BC /* CreditsScreenView.swift */; };
		ECD2441E224AFFDD00767A56 /* SlimeNumberInputView.swift in Sources */ = {isa = PBXBuildFile; fileRef = ECD2441D224AFFDD00767A56 /* SlimeNumberInputView.swift */; };
		ECD24420224AFFEB00767A56 /* SlimeNumberInputView.xib in Resources */ = {isa = PBXBuildFile; fileRef = ECD2441F224AFFEB00767A56 /* SlimeNumberInputView.xib */; };
		ECD24422224B011B00767A56 /* SlimeNumberInputController.swift in Sources */ = {isa = PBXBuildFile; fileRef = ECD24421224B011B00767A56 /* SlimeNumberInputController.swift */; };
		ECD24424224B018800767A56 /* Controller.swift in Sources */ = {isa = PBXBuildFile; fileRef = ECD24423224B018800767A56 /* Controller.swift */; };
		ECD24426224B02C900767A56 /* Logger.swift in Sources */ = {isa = PBXBuildFile; fileRef = ECD24425224B02C900767A56 /* Logger.swift */; };
		ECD24428224B0A9300767A56 /* SlimeNumberPadView.xib in Resources */ = {isa = PBXBuildFile; fileRef = ECD24427224B0A9300767A56 /* SlimeNumberPadView.xib */; };
		ECD2442A224B0C9E00767A56 /* SlimeNumberPadView.swift in Sources */ = {isa = PBXBuildFile; fileRef = ECD24429224B0C9E00767A56 /* SlimeNumberPadView.swift */; };
		ECD2442C224B0D0800767A56 /* SlimeNumberPadController.swift in Sources */ = {isa = PBXBuildFile; fileRef = ECD2442B224B0D0800767A56 /* SlimeNumberPadController.swift */; };
		ECD2442E224B108200767A56 /* NumberPadResponder.swift in Sources */ = {isa = PBXBuildFile; fileRef = ECD2442D224B108200767A56 /* NumberPadResponder.swift */; };
		ECD24431224B114400767A56 /* JoinRoomView.xib in Resources */ = {isa = PBXBuildFile; fileRef = ECD24430224B114400767A56 /* JoinRoomView.xib */; };
		ECD24433224B11F800767A56 /* CodeInputView.xib in Resources */ = {isa = PBXBuildFile; fileRef = ECD24432224B11F800767A56 /* CodeInputView.xib */; };
		ECD45541223FA21E006AF78D /* Modal.xib in Resources */ = {isa = PBXBuildFile; fileRef = ECD45540223FA21E006AF78D /* Modal.xib */; };
		ECD45543223FACC4006AF78D /* ModalController.swift in Sources */ = {isa = PBXBuildFile; fileRef = ECD45542223FACC4006AF78D /* ModalController.swift */; };
		ECD45546223FAFBE006AF78D /* ContextController.swift in Sources */ = {isa = PBXBuildFile; fileRef = ECD45545223FAFBE006AF78D /* ContextController.swift */; };
		ECD45548223FAFFF006AF78D /* Context.swift in Sources */ = {isa = PBXBuildFile; fileRef = ECD45547223FAFFF006AF78D /* Context.swift */; };
		ECD4554A223FB133006AF78D /* ViewController.swift in Sources */ = {isa = PBXBuildFile; fileRef = ECD45549223FB133006AF78D /* ViewController.swift */; };
		ECD4554D2240B0AF006AF78D /* Alert.xib in Resources */ = {isa = PBXBuildFile; fileRef = ECD4554C2240B0AF006AF78D /* Alert.xib */; };
		ECD4554F2240B3B3006AF78D /* Alert.swift in Sources */ = {isa = PBXBuildFile; fileRef = ECD4554E2240B3B3006AF78D /* Alert.swift */; };
		ECD455512240B510006AF78D /* AlertController.swift in Sources */ = {isa = PBXBuildFile; fileRef = ECD455502240B510006AF78D /* AlertController.swift */; };
		ECD455532240B5D1006AF78D /* AlertAction.swift in Sources */ = {isa = PBXBuildFile; fileRef = ECD455522240B5D1006AF78D /* AlertAction.swift */; };
		ECD4555C2240F1FB006AF78D /* MultiplayerScreenView.xib in Resources */ = {isa = PBXBuildFile; fileRef = ECD4555B2240F1FB006AF78D /* MultiplayerScreenView.xib */; };
		ECD4555E2240F44A006AF78D /* MultiplayerScreenView.swift in Sources */ = {isa = PBXBuildFile; fileRef = ECD4555D2240F44A006AF78D /* MultiplayerScreenView.swift */; };
		ECD455612240F499006AF78D /* MultiplayerLobbyView.xib in Resources */ = {isa = PBXBuildFile; fileRef = ECD455602240F499006AF78D /* MultiplayerLobbyView.xib */; };
		ECD455632240F4A8006AF78D /* MultiplayerLobbyView.swift in Sources */ = {isa = PBXBuildFile; fileRef = ECD455622240F4A8006AF78D /* MultiplayerLobbyView.swift */; };
		ECD455652240F5B6006AF78D /* MultiplayerScreenViewController.swift in Sources */ = {isa = PBXBuildFile; fileRef = ECD455642240F5B6006AF78D /* MultiplayerScreenViewController.swift */; };
		ECD455672240F974006AF78D /* ViewControllerProtocol.swift in Sources */ = {isa = PBXBuildFile; fileRef = ECD455662240F974006AF78D /* ViewControllerProtocol.swift */; };
		ECD455692240FB23006AF78D /* MultiplayerLobbyViewController.swift in Sources */ = {isa = PBXBuildFile; fileRef = ECD455682240FB23006AF78D /* MultiplayerLobbyViewController.swift */; };
		ECD4556C2240FBED006AF78D /* PlayerBox.xib in Resources */ = {isa = PBXBuildFile; fileRef = ECD4556B2240FBED006AF78D /* PlayerBox.xib */; };
		ECD4556E2240FBFA006AF78D /* PlayerBox.swift in Sources */ = {isa = PBXBuildFile; fileRef = ECD4556D2240FBFA006AF78D /* PlayerBox.swift */; };
		ECD455702240FEDE006AF78D /* PlayerBoxController.swift in Sources */ = {isa = PBXBuildFile; fileRef = ECD4556F2240FEDE006AF78D /* PlayerBoxController.swift */; };
		ECD455722240FFC7006AF78D /* Player.swift in Sources */ = {isa = PBXBuildFile; fileRef = ECD455712240FFC7006AF78D /* Player.swift */; };
		ECD4557622411340006AF78D /* UpButton.xib in Resources */ = {isa = PBXBuildFile; fileRef = ECD4557522411340006AF78D /* UpButton.xib */; };
		ECF75EFE224B12C100537237 /* CodeInputView.swift in Sources */ = {isa = PBXBuildFile; fileRef = ECF75EFD224B12C100537237 /* CodeInputView.swift */; };
		ECF75F00224B131800537237 /* CodeInputController.swift in Sources */ = {isa = PBXBuildFile; fileRef = ECF75EFF224B131800537237 /* CodeInputController.swift */; };
		ECF75F02224B17CA00537237 /* JoinRoomView.swift in Sources */ = {isa = PBXBuildFile; fileRef = ECF75F01224B17CA00537237 /* JoinRoomView.swift */; };
		ECF75F04224B182400537237 /* JoinRoomViewController.swift in Sources */ = {isa = PBXBuildFile; fileRef = ECF75F03224B182400537237 /* JoinRoomViewController.swift */; };
		F92ECADF224BADEC0040A4E2 /* GoogleService-Info.plist in Resources */ = {isa = PBXBuildFile; fileRef = F92ECADE224BADEC0040A4E2 /* GoogleService-Info.plist */; };
		F92ECAE2224BAE8F0040A4E2 /* Database.swift in Sources */ = {isa = PBXBuildFile; fileRef = F92ECAE1224BAE8F0040A4E2 /* Database.swift */; };
		F92ECAE4224BAEBD0040A4E2 /* Authentication.swift in Sources */ = {isa = PBXBuildFile; fileRef = F92ECAE3224BAEBD0040A4E2 /* Authentication.swift */; };
		F92ECAE6224BAEDB0040A4E2 /* Room.swift in Sources */ = {isa = PBXBuildFile; fileRef = F92ECAE5224BAEDB0040A4E2 /* Room.swift */; };
		F92ECAE8224BAEEF0040A4E2 /* Game.swift in Sources */ = {isa = PBXBuildFile; fileRef = F92ECAE7224BAEEF0040A4E2 /* Game.swift */; };
		F92ECAEA224D1B490040A4E2 /* FadeInOutSegue.swift in Sources */ = {isa = PBXBuildFile; fileRef = F92ECAE9224D1B490040A4E2 /* FadeInOutSegue.swift */; };
/* End PBXBuildFile section */

/* Begin PBXContainerItemProxy section */
		EC38242F2238803D000D7148 /* PBXContainerItemProxy */ = {
			isa = PBXContainerItemProxy;
			containerPortal = EC3824122238803A000D7148 /* Project object */;
			proxyType = 1;
			remoteGlobalIDString = EC3824192238803A000D7148;
			remoteInfo = slime;
		};
/* End PBXContainerItemProxy section */

/* Begin PBXFileReference section */
		1D22028E224AB5850080CF7D /* Plate.swift */ = {isa = PBXFileReference; fileEncoding = 4; lastKnownFileType = sourcecode.swift; name = Plate.swift; path = slime/Models/Stage/FoodRelated/Plate.swift; sourceTree = SOURCE_ROOT; };
		1D22028F224AB5850080CF7D /* Food.swift */ = {isa = PBXFileReference; fileEncoding = 4; lastKnownFileType = sourcecode.swift; name = Food.swift; path = slime/Models/Stage/FoodRelated/Food.swift; sourceTree = SOURCE_ROOT; };
		1D220290224AB5850080CF7D /* Ladder.swift */ = {isa = PBXFileReference; fileEncoding = 4; lastKnownFileType = sourcecode.swift; name = Ladder.swift; path = slime/Models/Stage/Ladder.swift; sourceTree = SOURCE_ROOT; };
		1D220291224AB5850080CF7D /* Slime.swift */ = {isa = PBXFileReference; fileEncoding = 4; lastKnownFileType = sourcecode.swift; name = Slime.swift; path = slime/Models/Stage/Slime/Slime.swift; sourceTree = SOURCE_ROOT; };
		1D220292224AB5850080CF7D /* CookingEquipment.swift */ = {isa = PBXFileReference; fileEncoding = 4; lastKnownFileType = sourcecode.swift; name = CookingEquipment.swift; path = slime/Models/Stage/Station/CookingEquipment/CookingEquipment.swift; sourceTree = SOURCE_ROOT; };
		1D220293224AB5850080CF7D /* Order.swift */ = {isa = PBXFileReference; fileEncoding = 4; lastKnownFileType = sourcecode.swift; name = Order.swift; path = slime/Models/Stage/Order.swift; sourceTree = SOURCE_ROOT; };
		1D220294224AB5850080CF7D /* Slime+Movements.swift */ = {isa = PBXFileReference; fileEncoding = 4; lastKnownFileType = sourcecode.swift; name = "Slime+Movements.swift"; path = "slime/Models/Stage/Slime/Slime+Movements.swift"; sourceTree = SOURCE_ROOT; };
		1D220295224AB5850080CF7D /* Stage.swift */ = {isa = PBXFileReference; fileEncoding = 4; lastKnownFileType = sourcecode.swift; name = Stage.swift; path = slime/Models/Stage/Stage.swift; sourceTree = SOURCE_ROOT; };
		1D220296224AB5850080CF7D /* Ingredient.swift */ = {isa = PBXFileReference; fileEncoding = 4; lastKnownFileType = sourcecode.swift; name = Ingredient.swift; path = slime/Models/Stage/FoodRelated/Ingredient.swift; sourceTree = SOURCE_ROOT; };
		1D220297224AB5850080CF7D /* StageConstants.swift */ = {isa = PBXFileReference; fileEncoding = 4; lastKnownFileType = sourcecode.swift; name = StageConstants.swift; path = slime/Models/Stage/StageConstants.swift; sourceTree = SOURCE_ROOT; };
		1D220299224AB5850080CF7D /* Spaceship.swift */ = {isa = PBXFileReference; fileEncoding = 4; lastKnownFileType = sourcecode.swift; name = Spaceship.swift; path = slime/Models/Stage/Spaceship.swift; sourceTree = SOURCE_ROOT; };
		1D2202AC224AB68F0080CF7D /* PlateStorage.swift */ = {isa = PBXFileReference; lastKnownFileType = sourcecode.swift; path = PlateStorage.swift; sourceTree = "<group>"; };
		1DD6EBE0224E368C006FF6CD /* ChoppingEquipment.swift */ = {isa = PBXFileReference; lastKnownFileType = sourcecode.swift; path = ChoppingEquipment.swift; sourceTree = "<group>"; };
		1DE6FC59224CA45700B36F48 /* Station.swift */ = {isa = PBXFileReference; lastKnownFileType = sourcecode.swift; path = Station.swift; sourceTree = "<group>"; };
		1DE6FC5B224CA46700B36F48 /* Table.swift */ = {isa = PBXFileReference; lastKnownFileType = sourcecode.swift; path = Table.swift; sourceTree = "<group>"; };
		1DE6FC5D224CA4AD00B36F48 /* StoreFront.swift */ = {isa = PBXFileReference; lastKnownFileType = sourcecode.swift; path = StoreFront.swift; sourceTree = "<group>"; };
		1DE6FC60224CA9A200B36F48 /* Recipe.swift */ = {isa = PBXFileReference; lastKnownFileType = sourcecode.swift; path = Recipe.swift; sourceTree = "<group>"; };
		1DE6FC62224D12F600B36F48 /* IngredientStorage.swift */ = {isa = PBXFileReference; fileEncoding = 4; lastKnownFileType = sourcecode.swift; path = IngredientStorage.swift; sourceTree = "<group>"; };
		1DE6FC64224D1D3900B36F48 /* Oven.swift */ = {isa = PBXFileReference; lastKnownFileType = sourcecode.swift; path = Oven.swift; sourceTree = "<group>"; };
		1DE6FC66224D1E3C00B36F48 /* FryingEquipment.swift */ = {isa = PBXFileReference; lastKnownFileType = sourcecode.swift; path = FryingEquipment.swift; sourceTree = "<group>"; };
		1DE6FC6A224D26A200B36F48 /* Trash.swift */ = {isa = PBXFileReference; fileEncoding = 4; lastKnownFileType = sourcecode.swift; path = Trash.swift; sourceTree = "<group>"; };
		2A2746E58E1E2C60194FCE38 /* Pods-slimeTests.release.xcconfig */ = {isa = PBXFileReference; includeInIndex = 1; lastKnownFileType = text.xcconfig; name = "Pods-slimeTests.release.xcconfig"; path = "Pods/Target Support Files/Pods-slimeTests/Pods-slimeTests.release.xcconfig"; sourceTree = "<group>"; };
		5C1D406302B065DC29582229 /* Pods-slime.debug.xcconfig */ = {isa = PBXFileReference; includeInIndex = 1; lastKnownFileType = text.xcconfig; name = "Pods-slime.debug.xcconfig"; path = "Pods/Target Support Files/Pods-slime/Pods-slime.debug.xcconfig"; sourceTree = "<group>"; };
		6735932F665D31728CAAB2F4 /* Pods-slimeTests.debug.xcconfig */ = {isa = PBXFileReference; includeInIndex = 1; lastKnownFileType = text.xcconfig; name = "Pods-slimeTests.debug.xcconfig"; path = "Pods/Target Support Files/Pods-slimeTests/Pods-slimeTests.debug.xcconfig"; sourceTree = "<group>"; };
		7AEF608125BA354580F060C8 /* Pods_slimeTests.framework */ = {isa = PBXFileReference; explicitFileType = wrapper.framework; includeInIndex = 0; path = Pods_slimeTests.framework; sourceTree = BUILT_PRODUCTS_DIR; };
		8B81EFBB224344AD007BFDB0 /* Slime.atlas */ = {isa = PBXFileReference; lastKnownFileType = folder.skatlas; path = Slime.atlas; sourceTree = "<group>"; };
		8BD816AE22422C6700586180 /* Extensions.swift */ = {isa = PBXFileReference; lastKnownFileType = sourcecode.swift; path = Extensions.swift; sourceTree = "<group>"; };
		8BD816B2224262F100586180 /* AnalogJoystick.swift */ = {isa = PBXFileReference; lastKnownFileType = sourcecode.swift; path = AnalogJoystick.swift; sourceTree = "<group>"; };
		8BD816B822426D1400586180 /* BDButton.swift */ = {isa = PBXFileReference; lastKnownFileType = sourcecode.swift; path = BDButton.swift; sourceTree = "<group>"; };
		8BEDCD382247F10100E24A20 /* Level1.plist */ = {isa = PBXFileReference; fileEncoding = 4; lastKnownFileType = text.plist.xml; path = Level1.plist; sourceTree = "<group>"; };
		8BEDCD42224E089A00E24A20 /* SerializableGameData.swift */ = {isa = PBXFileReference; lastKnownFileType = sourcecode.swift; path = SerializableGameData.swift; sourceTree = "<group>"; };
		E7F0D50F4B0E911D0C328800 /* Pods_slime.framework */ = {isa = PBXFileReference; explicitFileType = wrapper.framework; includeInIndex = 0; path = Pods_slime.framework; sourceTree = BUILT_PRODUCTS_DIR; };
		EC21B3FF22420CA700827121 /* LevelPlayButton.xib */ = {isa = PBXFileReference; lastKnownFileType = file.xib; path = LevelPlayButton.xib; sourceTree = "<group>"; };
		EC21B40122420D4100827121 /* DesignableView.swift */ = {isa = PBXFileReference; lastKnownFileType = sourcecode.swift; path = DesignableView.swift; sourceTree = "<group>"; };
		EC21B4042242155600827121 /* LoadingScreenView.xib */ = {isa = PBXFileReference; lastKnownFileType = file.xib; path = LoadingScreenView.xib; sourceTree = "<group>"; };
		EC21B406224216C500827121 /* LoadingScreenView.swift */ = {isa = PBXFileReference; lastKnownFileType = sourcecode.swift; path = LoadingScreenView.swift; sourceTree = "<group>"; };
		EC21B408224217E200827121 /* LoadingScreenViewController.swift */ = {isa = PBXFileReference; lastKnownFileType = sourcecode.swift; path = LoadingScreenViewController.swift; sourceTree = "<group>"; };
		EC38241A2238803A000D7148 /* slime.app */ = {isa = PBXFileReference; explicitFileType = wrapper.application; includeInIndex = 0; path = slime.app; sourceTree = BUILT_PRODUCTS_DIR; };
		EC38241D2238803A000D7148 /* AppDelegate.swift */ = {isa = PBXFileReference; lastKnownFileType = sourcecode.swift; path = AppDelegate.swift; sourceTree = "<group>"; };
		EC38241F2238803A000D7148 /* TitleScreenViewController.swift */ = {isa = PBXFileReference; lastKnownFileType = sourcecode.swift; path = TitleScreenViewController.swift; sourceTree = "<group>"; };
		EC3824222238803A000D7148 /* Base */ = {isa = PBXFileReference; lastKnownFileType = file.storyboard; name = Base; path = Base.lproj/Main.storyboard; sourceTree = "<group>"; };
		EC3824242238803D000D7148 /* Assets.xcassets */ = {isa = PBXFileReference; lastKnownFileType = folder.assetcatalog; path = Assets.xcassets; sourceTree = "<group>"; };
		EC3824272238803D000D7148 /* Base */ = {isa = PBXFileReference; lastKnownFileType = file.storyboard; name = Base; path = Base.lproj/LaunchScreen.storyboard; sourceTree = "<group>"; };
		EC3824292238803D000D7148 /* Info.plist */ = {isa = PBXFileReference; lastKnownFileType = text.plist.xml; path = Info.plist; sourceTree = "<group>"; };
		EC38242E2238803D000D7148 /* slimeTests.xctest */ = {isa = PBXFileReference; explicitFileType = wrapper.cfbundle; includeInIndex = 0; path = slimeTests.xctest; sourceTree = BUILT_PRODUCTS_DIR; };
		EC3824322238803D000D7148 /* slimeTests.swift */ = {isa = PBXFileReference; lastKnownFileType = sourcecode.swift; path = slimeTests.swift; sourceTree = "<group>"; };
		EC3824342238803D000D7148 /* Info.plist */ = {isa = PBXFileReference; lastKnownFileType = text.plist.xml; path = Info.plist; sourceTree = "<group>"; };
		EC38243E223882C5000D7148 /* PrimaryButton.xib */ = {isa = PBXFileReference; lastKnownFileType = file.xib; path = PrimaryButton.xib; sourceTree = "<group>"; };
		EC38244222388389000D7148 /* XibView.swift */ = {isa = PBXFileReference; lastKnownFileType = sourcecode.swift; path = XibView.swift; sourceTree = "<group>"; };
		EC38244622388CB1000D7148 /* PrimaryButtonController.swift */ = {isa = PBXFileReference; lastKnownFileType = sourcecode.swift; path = PrimaryButtonController.swift; sourceTree = "<group>"; };
		EC38244A22389649000D7148 /* ImageProvider.swift */ = {isa = PBXFileReference; lastKnownFileType = sourcecode.swift; path = ImageProvider.swift; sourceTree = "<group>"; };
		EC38244C22389DAD000D7148 /* UIViewExtension.swift */ = {isa = PBXFileReference; lastKnownFileType = sourcecode.swift; path = UIViewExtension.swift; sourceTree = "<group>"; };
		EC38244E2238F023000D7148 /* PrimaryButton.swift */ = {isa = PBXFileReference; lastKnownFileType = sourcecode.swift; path = PrimaryButton.swift; sourceTree = "<group>"; };
		EC3824502238FB3D000D7148 /* ButtonController.swift */ = {isa = PBXFileReference; lastKnownFileType = sourcecode.swift; path = ButtonController.swift; sourceTree = "<group>"; };
		EC38245322390789000D7148 /* ScrollingBackgroundViewController.swift */ = {isa = PBXFileReference; lastKnownFileType = sourcecode.swift; path = ScrollingBackgroundViewController.swift; sourceTree = "<group>"; };
		EC3824552239116D000D7148 /* CGRectExtension.swift */ = {isa = PBXFileReference; lastKnownFileType = sourcecode.swift; path = CGRectExtension.swift; sourceTree = "<group>"; };
		EC382459223A0F6F000D7148 /* TextLabel.swift */ = {isa = PBXFileReference; lastKnownFileType = sourcecode.swift; path = TextLabel.swift; sourceTree = "<group>"; };
		EC38245B223A100B000D7148 /* TextStyles.swift */ = {isa = PBXFileReference; lastKnownFileType = sourcecode.swift; path = TextStyles.swift; sourceTree = "<group>"; };
		EC38245E223A17F7000D7148 /* Squidgy Slimes.ttf */ = {isa = PBXFileReference; lastKnownFileType = file; path = "Squidgy Slimes.ttf"; sourceTree = "<group>"; };
		EC382460223A1802000D7148 /* Rubik-Light.ttf */ = {isa = PBXFileReference; lastKnownFileType = file; path = "Rubik-Light.ttf"; sourceTree = "<group>"; };
		EC382461223A1802000D7148 /* Rubik-Regular.ttf */ = {isa = PBXFileReference; lastKnownFileType = file; path = "Rubik-Regular.ttf"; sourceTree = "<group>"; };
		EC382462223A1802000D7148 /* Rubik-BoldItalic.ttf */ = {isa = PBXFileReference; lastKnownFileType = file; path = "Rubik-BoldItalic.ttf"; sourceTree = "<group>"; };
		EC382463223A1802000D7148 /* Rubik-Bold.ttf */ = {isa = PBXFileReference; lastKnownFileType = file; path = "Rubik-Bold.ttf"; sourceTree = "<group>"; };
		EC382464223A1803000D7148 /* Rubik-Italic.ttf */ = {isa = PBXFileReference; lastKnownFileType = file; path = "Rubik-Italic.ttf"; sourceTree = "<group>"; };
		EC382465223A1803000D7148 /* Rubik-LightItalic.ttf */ = {isa = PBXFileReference; lastKnownFileType = file; path = "Rubik-LightItalic.ttf"; sourceTree = "<group>"; };
		EC382466223A1803000D7148 /* Rubik-BlackItalic.ttf */ = {isa = PBXFileReference; lastKnownFileType = file; path = "Rubik-BlackItalic.ttf"; sourceTree = "<group>"; };
		EC382467223A1803000D7148 /* Rubik-MediumItalic.ttf */ = {isa = PBXFileReference; lastKnownFileType = file; path = "Rubik-MediumItalic.ttf"; sourceTree = "<group>"; };
		EC382468223A1803000D7148 /* Rubik-Medium.ttf */ = {isa = PBXFileReference; lastKnownFileType = file; path = "Rubik-Medium.ttf"; sourceTree = "<group>"; };
		EC382469223A1803000D7148 /* Rubik-Black.ttf */ = {isa = PBXFileReference; lastKnownFileType = file; path = "Rubik-Black.ttf"; sourceTree = "<group>"; };
		EC382474223A1AA4000D7148 /* ColorStyles.swift */ = {isa = PBXFileReference; lastKnownFileType = sourcecode.swift; path = ColorStyles.swift; sourceTree = "<group>"; };
		EC382478223A1BE7000D7148 /* PrimaryButtonColor.swift */ = {isa = PBXFileReference; lastKnownFileType = sourcecode.swift; path = PrimaryButtonColor.swift; sourceTree = "<group>"; };
		EC38247C223A2344000D7148 /* UIColorExtension.swift */ = {isa = PBXFileReference; lastKnownFileType = sourcecode.swift; path = UIColorExtension.swift; sourceTree = "<group>"; };
		EC38247F223A2999000D7148 /* PlayMenuButton.xib */ = {isa = PBXFileReference; lastKnownFileType = file.xib; path = PlayMenuButton.xib; sourceTree = "<group>"; };
		EC382481223A2AF5000D7148 /* PlayMenuButton.swift */ = {isa = PBXFileReference; lastKnownFileType = sourcecode.swift; path = PlayMenuButton.swift; sourceTree = "<group>"; };
		EC382483223A2B6C000D7148 /* PlayMenuButtonController.swift */ = {isa = PBXFileReference; lastKnownFileType = sourcecode.swift; path = PlayMenuButtonController.swift; sourceTree = "<group>"; };
		EC40E4AB223D61320073D755 /* CreditsSceneViewController.swift */ = {isa = PBXFileReference; lastKnownFileType = sourcecode.swift; path = CreditsSceneViewController.swift; sourceTree = "<group>"; };
		EC40E4AD223F97E50073D755 /* SettingsScreenView.xib */ = {isa = PBXFileReference; lastKnownFileType = file.xib; path = SettingsScreenView.xib; sourceTree = "<group>"; };
		EC40E4AF223F983E0073D755 /* SettingsScreenView.swift */ = {isa = PBXFileReference; lastKnownFileType = sourcecode.swift; path = SettingsScreenView.swift; sourceTree = "<group>"; };
		EC40E4B1223F986D0073D755 /* SettingsScreenViewController.swift */ = {isa = PBXFileReference; lastKnownFileType = sourcecode.swift; path = SettingsScreenViewController.swift; sourceTree = "<group>"; };
		EC40E4B3223F98EF0073D755 /* RouteTransitionHandler.swift */ = {isa = PBXFileReference; lastKnownFileType = sourcecode.swift; path = RouteTransitionHandler.swift; sourceTree = "<group>"; };
		EC449B21223A35BE00A8EA35 /* PlayScreenViewController.swift */ = {isa = PBXFileReference; lastKnownFileType = sourcecode.swift; path = PlayScreenViewController.swift; sourceTree = "<group>"; };
		EC449B74223B7E6300A8EA35 /* TitleScreenView.xib */ = {isa = PBXFileReference; lastKnownFileType = file.xib; path = TitleScreenView.xib; sourceTree = "<group>"; };
		EC449B76223B81FE00A8EA35 /* PlayScreenView.xib */ = {isa = PBXFileReference; lastKnownFileType = file.xib; path = PlayScreenView.xib; sourceTree = "<group>"; };
		EC449B78223B82A600A8EA35 /* MainController.swift */ = {isa = PBXFileReference; lastKnownFileType = sourcecode.swift; path = MainController.swift; sourceTree = "<group>"; };
		EC449B7A223B83DA00A8EA35 /* Router.swift */ = {isa = PBXFileReference; lastKnownFileType = sourcecode.swift; path = Router.swift; sourceTree = "<group>"; };
		EC449B7C223B873600A8EA35 /* RouterViewController.swift */ = {isa = PBXFileReference; lastKnownFileType = sourcecode.swift; path = RouterViewController.swift; sourceTree = "<group>"; };
		EC449B7E223B889400A8EA35 /* TitleScreenView.swift */ = {isa = PBXFileReference; lastKnownFileType = sourcecode.swift; path = TitleScreenView.swift; sourceTree = "<group>"; };
		EC449B80223B8C0C00A8EA35 /* PlayScreenView.swift */ = {isa = PBXFileReference; lastKnownFileType = sourcecode.swift; path = PlayScreenView.swift; sourceTree = "<group>"; };
		EC449B82223B917C00A8EA35 /* CGPointExtension.swift */ = {isa = PBXFileReference; lastKnownFileType = sourcecode.swift; path = CGPointExtension.swift; sourceTree = "<group>"; };
		EC449B84223BA48100A8EA35 /* LevelSelectView.swift */ = {isa = PBXFileReference; lastKnownFileType = sourcecode.swift; path = LevelSelectView.swift; sourceTree = "<group>"; };
		EC449B86223BA49D00A8EA35 /* LevelSelectView.xib */ = {isa = PBXFileReference; lastKnownFileType = file.xib; path = LevelSelectView.xib; sourceTree = "<group>"; };
		EC449B88223BAA8100A8EA35 /* LevelSelectViewController.swift */ = {isa = PBXFileReference; lastKnownFileType = sourcecode.swift; path = LevelSelectViewController.swift; sourceTree = "<group>"; };
		EC449B8A223BACD500A8EA35 /* StoryModeLevelSelectView.xib */ = {isa = PBXFileReference; lastKnownFileType = file.xib; path = StoryModeLevelSelectView.xib; sourceTree = "<group>"; };
		EC449B8D223BAD4400A8EA35 /* MapDot.xib */ = {isa = PBXFileReference; lastKnownFileType = file.xib; path = MapDot.xib; sourceTree = "<group>"; };
		EC449B8F223BADBB00A8EA35 /* LevelDetailsBox.xib */ = {isa = PBXFileReference; lastKnownFileType = file.xib; path = LevelDetailsBox.xib; sourceTree = "<group>"; };
		EC449B91223BB01C00A8EA35 /* LevelDetailsBox.swift */ = {isa = PBXFileReference; lastKnownFileType = sourcecode.swift; path = LevelDetailsBox.swift; sourceTree = "<group>"; };
		EC449B93223BB08700A8EA35 /* LevelDetailsBoxController.swift */ = {isa = PBXFileReference; lastKnownFileType = sourcecode.swift; path = LevelDetailsBoxController.swift; sourceTree = "<group>"; };
		EC449B95223BB1D400A8EA35 /* StoryModeLevelSelectView.swift */ = {isa = PBXFileReference; lastKnownFileType = sourcecode.swift; path = StoryModeLevelSelectView.swift; sourceTree = "<group>"; };
		EC449B97223BB20400A8EA35 /* StoryModeLevelSelectController.swift */ = {isa = PBXFileReference; lastKnownFileType = sourcecode.swift; path = StoryModeLevelSelectController.swift; sourceTree = "<group>"; };
		EC449B9A223BB9E900A8EA35 /* levels.json */ = {isa = PBXFileReference; fileEncoding = 4; lastKnownFileType = text.json; path = levels.json; sourceTree = "<group>"; };
		EC449B9D223BBA0300A8EA35 /* Level.swift */ = {isa = PBXFileReference; lastKnownFileType = sourcecode.swift; path = Level.swift; sourceTree = "<group>"; };
		EC4924E32246163C007B9797 /* LevelPlaceView.xib */ = {isa = PBXFileReference; lastKnownFileType = file.xib; path = LevelPlaceView.xib; sourceTree = "<group>"; };
		EC4924E7224618E6007B9797 /* LevelPlaceView.swift */ = {isa = PBXFileReference; lastKnownFileType = sourcecode.swift; path = LevelPlaceView.swift; sourceTree = "<group>"; };
		EC4924EA22461FEC007B9797 /* OrderBlob.xib */ = {isa = PBXFileReference; lastKnownFileType = file.xib; path = OrderBlob.xib; sourceTree = "<group>"; };
		EC4924EC2246210C007B9797 /* OrderBlob.swift */ = {isa = PBXFileReference; lastKnownFileType = sourcecode.swift; path = OrderBlob.swift; sourceTree = "<group>"; };
		EC4924EE22462174007B9797 /* OrderBlobController.swift */ = {isa = PBXFileReference; lastKnownFileType = sourcecode.swift; path = OrderBlobController.swift; sourceTree = "<group>"; };
		EC4924F02246220A007B9797 /* OrderBlobRecipe.swift */ = {isa = PBXFileReference; lastKnownFileType = sourcecode.swift; path = OrderBlobRecipe.swift; sourceTree = "<group>"; };
		EC4924F32248D616007B9797 /* RatingView.xib */ = {isa = PBXFileReference; lastKnownFileType = file.xib; path = RatingView.xib; sourceTree = "<group>"; };
		EC4924F52248D638007B9797 /* RatingView.swift */ = {isa = PBXFileReference; lastKnownFileType = sourcecode.swift; path = RatingView.swift; sourceTree = "<group>"; };
		EC4924F72248D877007B9797 /* RatingViewController.swift */ = {isa = PBXFileReference; lastKnownFileType = sourcecode.swift; path = RatingViewController.swift; sourceTree = "<group>"; };
		EC79FFED2242238C002E8FE7 /* GameViewController.swift */ = {isa = PBXFileReference; fileEncoding = 4; lastKnownFileType = sourcecode.swift; path = GameViewController.swift; sourceTree = "<group>"; };
		ECA66DBD223D2A1B00D1D0BC /* LevelPlaceController.swift */ = {isa = PBXFileReference; lastKnownFileType = sourcecode.swift; path = LevelPlaceController.swift; sourceTree = "<group>"; };
		ECA66DC1223D5DD100D1D0BC /* CreditsScreenView.xib */ = {isa = PBXFileReference; lastKnownFileType = file.xib; path = CreditsScreenView.xib; sourceTree = "<group>"; };
		ECA66DC3223D5F4000D1D0BC /* CreditsScreenView.swift */ = {isa = PBXFileReference; lastKnownFileType = sourcecode.swift; path = CreditsScreenView.swift; sourceTree = "<group>"; };
		ECD2441D224AFFDD00767A56 /* SlimeNumberInputView.swift */ = {isa = PBXFileReference; lastKnownFileType = sourcecode.swift; path = SlimeNumberInputView.swift; sourceTree = "<group>"; };
		ECD2441F224AFFEB00767A56 /* SlimeNumberInputView.xib */ = {isa = PBXFileReference; lastKnownFileType = file.xib; path = SlimeNumberInputView.xib; sourceTree = "<group>"; };
		ECD24421224B011B00767A56 /* SlimeNumberInputController.swift */ = {isa = PBXFileReference; lastKnownFileType = sourcecode.swift; path = SlimeNumberInputController.swift; sourceTree = "<group>"; };
		ECD24423224B018800767A56 /* Controller.swift */ = {isa = PBXFileReference; lastKnownFileType = sourcecode.swift; path = Controller.swift; sourceTree = "<group>"; };
		ECD24425224B02C900767A56 /* Logger.swift */ = {isa = PBXFileReference; lastKnownFileType = sourcecode.swift; path = Logger.swift; sourceTree = "<group>"; };
		ECD24427224B0A9300767A56 /* SlimeNumberPadView.xib */ = {isa = PBXFileReference; lastKnownFileType = file.xib; path = SlimeNumberPadView.xib; sourceTree = "<group>"; };
		ECD24429224B0C9E00767A56 /* SlimeNumberPadView.swift */ = {isa = PBXFileReference; lastKnownFileType = sourcecode.swift; path = SlimeNumberPadView.swift; sourceTree = "<group>"; };
		ECD2442B224B0D0800767A56 /* SlimeNumberPadController.swift */ = {isa = PBXFileReference; lastKnownFileType = sourcecode.swift; path = SlimeNumberPadController.swift; sourceTree = "<group>"; };
		ECD2442D224B108200767A56 /* NumberPadResponder.swift */ = {isa = PBXFileReference; lastKnownFileType = sourcecode.swift; path = NumberPadResponder.swift; sourceTree = "<group>"; };
		ECD24430224B114400767A56 /* JoinRoomView.xib */ = {isa = PBXFileReference; lastKnownFileType = file.xib; path = JoinRoomView.xib; sourceTree = "<group>"; };
		ECD24432224B11F800767A56 /* CodeInputView.xib */ = {isa = PBXFileReference; lastKnownFileType = file.xib; path = CodeInputView.xib; sourceTree = "<group>"; };
		ECD45540223FA21E006AF78D /* Modal.xib */ = {isa = PBXFileReference; lastKnownFileType = file.xib; path = Modal.xib; sourceTree = "<group>"; };
		ECD45542223FACC4006AF78D /* ModalController.swift */ = {isa = PBXFileReference; lastKnownFileType = sourcecode.swift; path = ModalController.swift; sourceTree = "<group>"; };
		ECD45545223FAFBE006AF78D /* ContextController.swift */ = {isa = PBXFileReference; lastKnownFileType = sourcecode.swift; path = ContextController.swift; sourceTree = "<group>"; };
		ECD45547223FAFFF006AF78D /* Context.swift */ = {isa = PBXFileReference; lastKnownFileType = sourcecode.swift; path = Context.swift; sourceTree = "<group>"; };
		ECD45549223FB133006AF78D /* ViewController.swift */ = {isa = PBXFileReference; lastKnownFileType = sourcecode.swift; path = ViewController.swift; sourceTree = "<group>"; };
		ECD4554C2240B0AF006AF78D /* Alert.xib */ = {isa = PBXFileReference; lastKnownFileType = file.xib; path = Alert.xib; sourceTree = "<group>"; };
		ECD4554E2240B3B3006AF78D /* Alert.swift */ = {isa = PBXFileReference; lastKnownFileType = sourcecode.swift; path = Alert.swift; sourceTree = "<group>"; };
		ECD455502240B510006AF78D /* AlertController.swift */ = {isa = PBXFileReference; lastKnownFileType = sourcecode.swift; path = AlertController.swift; sourceTree = "<group>"; };
		ECD455522240B5D1006AF78D /* AlertAction.swift */ = {isa = PBXFileReference; lastKnownFileType = sourcecode.swift; path = AlertAction.swift; sourceTree = "<group>"; };
		ECD4555B2240F1FB006AF78D /* MultiplayerScreenView.xib */ = {isa = PBXFileReference; lastKnownFileType = file.xib; path = MultiplayerScreenView.xib; sourceTree = "<group>"; };
		ECD4555D2240F44A006AF78D /* MultiplayerScreenView.swift */ = {isa = PBXFileReference; lastKnownFileType = sourcecode.swift; path = MultiplayerScreenView.swift; sourceTree = "<group>"; };
		ECD455602240F499006AF78D /* MultiplayerLobbyView.xib */ = {isa = PBXFileReference; lastKnownFileType = file.xib; path = MultiplayerLobbyView.xib; sourceTree = "<group>"; };
		ECD455622240F4A8006AF78D /* MultiplayerLobbyView.swift */ = {isa = PBXFileReference; lastKnownFileType = sourcecode.swift; path = MultiplayerLobbyView.swift; sourceTree = "<group>"; };
		ECD455642240F5B6006AF78D /* MultiplayerScreenViewController.swift */ = {isa = PBXFileReference; lastKnownFileType = sourcecode.swift; path = MultiplayerScreenViewController.swift; sourceTree = "<group>"; };
		ECD455662240F974006AF78D /* ViewControllerProtocol.swift */ = {isa = PBXFileReference; lastKnownFileType = sourcecode.swift; path = ViewControllerProtocol.swift; sourceTree = "<group>"; };
		ECD455682240FB23006AF78D /* MultiplayerLobbyViewController.swift */ = {isa = PBXFileReference; lastKnownFileType = sourcecode.swift; path = MultiplayerLobbyViewController.swift; sourceTree = "<group>"; };
		ECD4556B2240FBED006AF78D /* PlayerBox.xib */ = {isa = PBXFileReference; lastKnownFileType = file.xib; path = PlayerBox.xib; sourceTree = "<group>"; };
		ECD4556D2240FBFA006AF78D /* PlayerBox.swift */ = {isa = PBXFileReference; lastKnownFileType = sourcecode.swift; path = PlayerBox.swift; sourceTree = "<group>"; };
		ECD4556F2240FEDE006AF78D /* PlayerBoxController.swift */ = {isa = PBXFileReference; lastKnownFileType = sourcecode.swift; path = PlayerBoxController.swift; sourceTree = "<group>"; };
		ECD455712240FFC7006AF78D /* Player.swift */ = {isa = PBXFileReference; lastKnownFileType = sourcecode.swift; path = Player.swift; sourceTree = "<group>"; };
		ECD4557522411340006AF78D /* UpButton.xib */ = {isa = PBXFileReference; lastKnownFileType = file.xib; path = UpButton.xib; sourceTree = "<group>"; };
		ECF75EFD224B12C100537237 /* CodeInputView.swift */ = {isa = PBXFileReference; lastKnownFileType = sourcecode.swift; path = CodeInputView.swift; sourceTree = "<group>"; };
		ECF75EFF224B131800537237 /* CodeInputController.swift */ = {isa = PBXFileReference; lastKnownFileType = sourcecode.swift; path = CodeInputController.swift; sourceTree = "<group>"; };
		ECF75F01224B17CA00537237 /* JoinRoomView.swift */ = {isa = PBXFileReference; lastKnownFileType = sourcecode.swift; path = JoinRoomView.swift; sourceTree = "<group>"; };
		ECF75F03224B182400537237 /* JoinRoomViewController.swift */ = {isa = PBXFileReference; lastKnownFileType = sourcecode.swift; path = JoinRoomViewController.swift; sourceTree = "<group>"; };
		F92ECADE224BADEC0040A4E2 /* GoogleService-Info.plist */ = {isa = PBXFileReference; fileEncoding = 4; lastKnownFileType = text.plist.xml; path = "GoogleService-Info.plist"; sourceTree = "<group>"; };
		F92ECAE1224BAE8F0040A4E2 /* Database.swift */ = {isa = PBXFileReference; lastKnownFileType = sourcecode.swift; path = Database.swift; sourceTree = "<group>"; };
		F92ECAE3224BAEBD0040A4E2 /* Authentication.swift */ = {isa = PBXFileReference; lastKnownFileType = sourcecode.swift; path = Authentication.swift; sourceTree = "<group>"; };
		F92ECAE5224BAEDB0040A4E2 /* Room.swift */ = {isa = PBXFileReference; lastKnownFileType = sourcecode.swift; path = Room.swift; sourceTree = "<group>"; };
		F92ECAE7224BAEEF0040A4E2 /* Game.swift */ = {isa = PBXFileReference; lastKnownFileType = sourcecode.swift; path = Game.swift; sourceTree = "<group>"; };
		F92ECAE9224D1B490040A4E2 /* FadeInOutSegue.swift */ = {isa = PBXFileReference; lastKnownFileType = sourcecode.swift; path = FadeInOutSegue.swift; sourceTree = "<group>"; };
		FC54AF03EC549BA6D820D01E /* Pods-slime.release.xcconfig */ = {isa = PBXFileReference; includeInIndex = 1; lastKnownFileType = text.xcconfig; name = "Pods-slime.release.xcconfig"; path = "Pods/Target Support Files/Pods-slime/Pods-slime.release.xcconfig"; sourceTree = "<group>"; };
/* End PBXFileReference section */

/* Begin PBXFrameworksBuildPhase section */
		EC3824172238803A000D7148 /* Frameworks */ = {
			isa = PBXFrameworksBuildPhase;
			buildActionMask = 2147483647;
			files = (
				BA7CC9239365F389C9C1FA05 /* Pods_slime.framework in Frameworks */,
			);
			runOnlyForDeploymentPostprocessing = 0;
		};
		EC38242B2238803D000D7148 /* Frameworks */ = {
			isa = PBXFrameworksBuildPhase;
			buildActionMask = 2147483647;
			files = (
				37DD4A30AF224607DB45BEA8 /* Pods_slimeTests.framework in Frameworks */,
			);
			runOnlyForDeploymentPostprocessing = 0;
		};
/* End PBXFrameworksBuildPhase section */

/* Begin PBXGroup section */
		1D2202A9224AB6310080CF7D /* Stage */ = {
			isa = PBXGroup;
			children = (
				1DE6FC58224C9FA200B36F48 /* Station */,
				1D2202AB224AB6470080CF7D /* FoodRelated */,
				1D2202AA224AB6400080CF7D /* Slime */,
				1D220290224AB5850080CF7D /* Ladder.swift */,
				1D220293224AB5850080CF7D /* Order.swift */,
				1D220299224AB5850080CF7D /* Spaceship.swift */,
				1D220295224AB5850080CF7D /* Stage.swift */,
				1D220297224AB5850080CF7D /* StageConstants.swift */,
			);
			path = Stage;
			sourceTree = "<group>";
		};
		1D2202AA224AB6400080CF7D /* Slime */ = {
			isa = PBXGroup;
			children = (
				1D220291224AB5850080CF7D /* Slime.swift */,
				1D220294224AB5850080CF7D /* Slime+Movements.swift */,
			);
			path = Slime;
			sourceTree = "<group>";
		};
		1D2202AB224AB6470080CF7D /* FoodRelated */ = {
			isa = PBXGroup;
			children = (
				1D22028F224AB5850080CF7D /* Food.swift */,
				1D220296224AB5850080CF7D /* Ingredient.swift */,
				1D22028E224AB5850080CF7D /* Plate.swift */,
				1DE6FC60224CA9A200B36F48 /* Recipe.swift */,
			);
			path = FoodRelated;
			sourceTree = "<group>";
		};
		1DE6FC58224C9FA200B36F48 /* Station */ = {
			isa = PBXGroup;
			children = (
				1DE6FC5F224CA55700B36F48 /* CookingEquipment */,
				1DE6FC62224D12F600B36F48 /* IngredientStorage.swift */,
				1D2202AC224AB68F0080CF7D /* PlateStorage.swift */,
				1DE6FC59224CA45700B36F48 /* Station.swift */,
				1DE6FC5B224CA46700B36F48 /* Table.swift */,
				1DE6FC5D224CA4AD00B36F48 /* StoreFront.swift */,
				1DE6FC6A224D26A200B36F48 /* Trash.swift */,
			);
			path = Station;
			sourceTree = "<group>";
		};
		1DE6FC5F224CA55700B36F48 /* CookingEquipment */ = {
			isa = PBXGroup;
			children = (
				1D220292224AB5850080CF7D /* CookingEquipment.swift */,
				1DE6FC64224D1D3900B36F48 /* Oven.swift */,
				1DE6FC66224D1E3C00B36F48 /* FryingEquipment.swift */,
				1DD6EBE0224E368C006FF6CD /* ChoppingEquipment.swift */,
			);
			path = CookingEquipment;
			sourceTree = "<group>";
		};
		2C56C6A98CE3F70C0052C8F2 /* Pods */ = {
			isa = PBXGroup;
			children = (
				5C1D406302B065DC29582229 /* Pods-slime.debug.xcconfig */,
				FC54AF03EC549BA6D820D01E /* Pods-slime.release.xcconfig */,
				6735932F665D31728CAAB2F4 /* Pods-slimeTests.debug.xcconfig */,
				2A2746E58E1E2C60194FCE38 /* Pods-slimeTests.release.xcconfig */,
			);
			name = Pods;
			sourceTree = "<group>";
		};
		8BD816B42242643C00586180 /* Sprites */ = {
			isa = PBXGroup;
			children = (
				8B81EFBB224344AD007BFDB0 /* Slime.atlas */,
			);
			path = Sprites;
			sourceTree = "<group>";
		};
		8DF49F0605E30364F39D1785 /* Frameworks */ = {
			isa = PBXGroup;
			children = (
				E7F0D50F4B0E911D0C328800 /* Pods_slime.framework */,
				7AEF608125BA354580F060C8 /* Pods_slimeTests.framework */,
			);
			name = Frameworks;
			sourceTree = "<group>";
		};
		EC21B4032242150A00827121 /* LoadingScreenView */ = {
			isa = PBXGroup;
			children = (
				EC21B4042242155600827121 /* LoadingScreenView.xib */,
				EC21B406224216C500827121 /* LoadingScreenView.swift */,
			);
			path = LoadingScreenView;
			sourceTree = "<group>";
		};
		EC3824112238803A000D7148 = {
			isa = PBXGroup;
			children = (
				EC38241C2238803A000D7148 /* slime */,
				EC3824312238803D000D7148 /* slimeTests */,
				EC38241B2238803A000D7148 /* Products */,
				2C56C6A98CE3F70C0052C8F2 /* Pods */,
				8DF49F0605E30364F39D1785 /* Frameworks */,
			);
			sourceTree = "<group>";
		};
		EC38241B2238803A000D7148 /* Products */ = {
			isa = PBXGroup;
			children = (
				EC38241A2238803A000D7148 /* slime.app */,
				EC38242E2238803D000D7148 /* slimeTests.xctest */,
			);
			name = Products;
			sourceTree = "<group>";
		};
		EC38241C2238803A000D7148 /* slime */ = {
			isa = PBXGroup;
			children = (
				F92ECAE0224BAE800040A4E2 /* Network */,
				8BD816B42242643C00586180 /* Sprites */,
				EC449B9C223BB9F900A8EA35 /* Models */,
				EC449B99223BB7D700A8EA35 /* Data */,
				EC38245D223A17C7000D7148 /* Fonts */,
				EC38247B223A20C5000D7148 /* ViewControllers */,
				EC38244122388367000D7148 /* Utility */,
				EC38243D223882AF000D7148 /* Components */,
				EC38241D2238803A000D7148 /* AppDelegate.swift */,
				EC3824212238803A000D7148 /* Main.storyboard */,
				EC3824242238803D000D7148 /* Assets.xcassets */,
				F92ECADE224BADEC0040A4E2 /* GoogleService-Info.plist */,
				EC3824262238803D000D7148 /* LaunchScreen.storyboard */,
				EC3824292238803D000D7148 /* Info.plist */,
			);
			path = slime;
			sourceTree = "<group>";
		};
		EC3824312238803D000D7148 /* slimeTests */ = {
			isa = PBXGroup;
			children = (
				EC3824322238803D000D7148 /* slimeTests.swift */,
				EC3824342238803D000D7148 /* Info.plist */,
			);
			path = slimeTests;
			sourceTree = "<group>";
		};
		EC38243D223882AF000D7148 /* Components */ = {
			isa = PBXGroup;
			children = (
				ECD2441C224AFF9D00767A56 /* CodeInput */,
				EC4924F22248D601007B9797 /* Rating */,
				EC4924E922461FD1007B9797 /* OrderBlob */,
				ECD4556A2240FBDD006AF78D /* PlayerBox */,
				ECD4554B2240B097006AF78D /* Alert */,
				ECD4553F223FA135006AF78D /* Modal */,
				EC449B8C223BAD3700A8EA35 /* LevelSelect */,
				EC38245222390762000D7148 /* Background */,
				EC382440223882E3000D7148 /* Buttons */,
			);
			path = Components;
			sourceTree = "<group>";
		};
		EC382440223882E3000D7148 /* Buttons */ = {
			isa = PBXGroup;
			children = (
				EC38247A223A1CBC000D7148 /* PrimaryButton */,
				EC38247E223A2985000D7148 /* PlayMenuButton */,
				EC3824502238FB3D000D7148 /* ButtonController.swift */,
				ECD4557522411340006AF78D /* UpButton.xib */,
				8BD816B822426D1400586180 /* BDButton.swift */,
			);
			path = Buttons;
			sourceTree = "<group>";
		};
		EC38244122388367000D7148 /* Utility */ = {
			isa = PBXGroup;
			children = (
				EC38244222388389000D7148 /* XibView.swift */,
				EC38244A22389649000D7148 /* ImageProvider.swift */,
				EC38244C22389DAD000D7148 /* UIViewExtension.swift */,
				EC3824552239116D000D7148 /* CGRectExtension.swift */,
				EC382459223A0F6F000D7148 /* TextLabel.swift */,
				EC38245B223A100B000D7148 /* TextStyles.swift */,
				EC382474223A1AA4000D7148 /* ColorStyles.swift */,
				EC38247C223A2344000D7148 /* UIColorExtension.swift */,
				EC449B82223B917C00A8EA35 /* CGPointExtension.swift */,
				EC21B40122420D4100827121 /* DesignableView.swift */,
				8BD816AE22422C6700586180 /* Extensions.swift */,
				8BD816B2224262F100586180 /* AnalogJoystick.swift */,
				ECD24423224B018800767A56 /* Controller.swift */,
				ECD24425224B02C900767A56 /* Logger.swift */,
				F92ECAE9224D1B490040A4E2 /* FadeInOutSegue.swift */,
				8BEDCD42224E089A00E24A20 /* SerializableGameData.swift */,
			);
			path = Utility;
			sourceTree = "<group>";
		};
		EC38245222390762000D7148 /* Background */ = {
			isa = PBXGroup;
			children = (
				EC38245322390789000D7148 /* ScrollingBackgroundViewController.swift */,
			);
			path = Background;
			sourceTree = "<group>";
		};
		EC38245D223A17C7000D7148 /* Fonts */ = {
			isa = PBXGroup;
			children = (
				EC382469223A1803000D7148 /* Rubik-Black.ttf */,
				EC382466223A1803000D7148 /* Rubik-BlackItalic.ttf */,
				EC382463223A1802000D7148 /* Rubik-Bold.ttf */,
				EC382462223A1802000D7148 /* Rubik-BoldItalic.ttf */,
				EC382464223A1803000D7148 /* Rubik-Italic.ttf */,
				EC382460223A1802000D7148 /* Rubik-Light.ttf */,
				EC382465223A1803000D7148 /* Rubik-LightItalic.ttf */,
				EC382468223A1803000D7148 /* Rubik-Medium.ttf */,
				EC382467223A1803000D7148 /* Rubik-MediumItalic.ttf */,
				EC382461223A1802000D7148 /* Rubik-Regular.ttf */,
				EC38245E223A17F7000D7148 /* Squidgy Slimes.ttf */,
			);
			path = Fonts;
			sourceTree = "<group>";
		};
		EC38247A223A1CBC000D7148 /* PrimaryButton */ = {
			isa = PBXGroup;
			children = (
				EC38243E223882C5000D7148 /* PrimaryButton.xib */,
				EC38244622388CB1000D7148 /* PrimaryButtonController.swift */,
				EC38244E2238F023000D7148 /* PrimaryButton.swift */,
				EC382478223A1BE7000D7148 /* PrimaryButtonColor.swift */,
			);
			path = PrimaryButton;
			sourceTree = "<group>";
		};
		EC38247B223A20C5000D7148 /* ViewControllers */ = {
			isa = PBXGroup;
			children = (
				EC79FFEC2242238C002E8FE7 /* Game */,
				EC449B73223B7E4A00A8EA35 /* Views */,
				EC449B72223B7E3F00A8EA35 /* Controllers */,
			);
			path = ViewControllers;
			sourceTree = "<group>";
		};
		EC38247E223A2985000D7148 /* PlayMenuButton */ = {
			isa = PBXGroup;
			children = (
				EC38247F223A2999000D7148 /* PlayMenuButton.xib */,
				EC382481223A2AF5000D7148 /* PlayMenuButton.swift */,
				EC382483223A2B6C000D7148 /* PlayMenuButtonController.swift */,
			);
			path = PlayMenuButton;
			sourceTree = "<group>";
		};
		EC40E4B5223F9C890073D755 /* Router */ = {
			isa = PBXGroup;
			children = (
				EC449B7A223B83DA00A8EA35 /* Router.swift */,
				EC449B7C223B873600A8EA35 /* RouterViewController.swift */,
				EC40E4B3223F98EF0073D755 /* RouteTransitionHandler.swift */,
			);
			path = Router;
			sourceTree = "<group>";
		};
		EC449B72223B7E3F00A8EA35 /* Controllers */ = {
			isa = PBXGroup;
			children = (
				ECD45544223FAFA5006AF78D /* Context */,
				EC40E4B5223F9C890073D755 /* Router */,
				EC38241F2238803A000D7148 /* TitleScreenViewController.swift */,
				EC449B21223A35BE00A8EA35 /* PlayScreenViewController.swift */,
				EC449B88223BAA8100A8EA35 /* LevelSelectViewController.swift */,
				EC449B78223B82A600A8EA35 /* MainController.swift */,
				EC449B97223BB20400A8EA35 /* StoryModeLevelSelectController.swift */,
				EC40E4AB223D61320073D755 /* CreditsSceneViewController.swift */,
				EC40E4B1223F986D0073D755 /* SettingsScreenViewController.swift */,
				ECD45549223FB133006AF78D /* ViewController.swift */,
				ECD455642240F5B6006AF78D /* MultiplayerScreenViewController.swift */,
				ECD455662240F974006AF78D /* ViewControllerProtocol.swift */,
				ECD455682240FB23006AF78D /* MultiplayerLobbyViewController.swift */,
				EC21B408224217E200827121 /* LoadingScreenViewController.swift */,
			);
			path = Controllers;
			sourceTree = "<group>";
		};
		EC449B73223B7E4A00A8EA35 /* Views */ = {
			isa = PBXGroup;
			children = (
				ECD2442F224B113400767A56 /* JoinRoomView */,
				EC21B4032242150A00827121 /* LoadingScreenView */,
				ECD4555F2240F48D006AF78D /* MultiplayerLobbyView */,
				ECD4555A2240F195006AF78D /* MultiplayerScreenView */,
				ECD455592240F188006AF78D /* SettingsScreenView */,
				ECD455582240F17F006AF78D /* CreditsSceneView */,
				ECD455572240F173006AF78D /* StoryModeLevelSelectView */,
				ECD455562240F169006AF78D /* LevelSelectView */,
				ECD455552240F15D006AF78D /* PlayScreen */,
				ECD455542240F14B006AF78D /* TitleScreen */,
			);
			path = Views;
			sourceTree = "<group>";
		};
		EC449B8C223BAD3700A8EA35 /* LevelSelect */ = {
			isa = PBXGroup;
			children = (
				EC449B8D223BAD4400A8EA35 /* MapDot.xib */,
				EC449B8F223BADBB00A8EA35 /* LevelDetailsBox.xib */,
				ECA66DBD223D2A1B00D1D0BC /* LevelPlaceController.swift */,
				EC449B91223BB01C00A8EA35 /* LevelDetailsBox.swift */,
				EC449B93223BB08700A8EA35 /* LevelDetailsBoxController.swift */,
				EC21B3FF22420CA700827121 /* LevelPlayButton.xib */,
				EC4924E32246163C007B9797 /* LevelPlaceView.xib */,
				EC4924E7224618E6007B9797 /* LevelPlaceView.swift */,
			);
			path = LevelSelect;
			sourceTree = "<group>";
		};
		EC449B99223BB7D700A8EA35 /* Data */ = {
			isa = PBXGroup;
			children = (
				8BEDCD382247F10100E24A20 /* Level1.plist */,
				EC449B9A223BB9E900A8EA35 /* levels.json */,
			);
			path = Data;
			sourceTree = "<group>";
		};
		EC449B9C223BB9F900A8EA35 /* Models */ = {
			isa = PBXGroup;
			children = (
				1D2202A9224AB6310080CF7D /* Stage */,
				EC449B9D223BBA0300A8EA35 /* Level.swift */,
				ECD455712240FFC7006AF78D /* Player.swift */,
			);
			path = Models;
			sourceTree = "<group>";
		};
		EC4924E922461FD1007B9797 /* OrderBlob */ = {
			isa = PBXGroup;
			children = (
				EC4924EA22461FEC007B9797 /* OrderBlob.xib */,
				EC4924EC2246210C007B9797 /* OrderBlob.swift */,
				EC4924EE22462174007B9797 /* OrderBlobController.swift */,
				EC4924F02246220A007B9797 /* OrderBlobRecipe.swift */,
			);
			path = OrderBlob;
			sourceTree = "<group>";
		};
		EC4924F22248D601007B9797 /* Rating */ = {
			isa = PBXGroup;
			children = (
				EC4924F32248D616007B9797 /* RatingView.xib */,
				EC4924F52248D638007B9797 /* RatingView.swift */,
				EC4924F72248D877007B9797 /* RatingViewController.swift */,
			);
			path = Rating;
			sourceTree = "<group>";
		};
		EC79FFEC2242238C002E8FE7 /* Game */ = {
			isa = PBXGroup;
			children = (
				EC79FFED2242238C002E8FE7 /* GameViewController.swift */,
			);
			path = Game;
			sourceTree = "<group>";
		};
		ECD2441C224AFF9D00767A56 /* CodeInput */ = {
			isa = PBXGroup;
			children = (
				ECD2441D224AFFDD00767A56 /* SlimeNumberInputView.swift */,
				ECD2441F224AFFEB00767A56 /* SlimeNumberInputView.xib */,
				ECD24421224B011B00767A56 /* SlimeNumberInputController.swift */,
				ECD24427224B0A9300767A56 /* SlimeNumberPadView.xib */,
				ECD24429224B0C9E00767A56 /* SlimeNumberPadView.swift */,
				ECD2442B224B0D0800767A56 /* SlimeNumberPadController.swift */,
				ECD2442D224B108200767A56 /* NumberPadResponder.swift */,
				ECD24432224B11F800767A56 /* CodeInputView.xib */,
				ECF75EFD224B12C100537237 /* CodeInputView.swift */,
				ECF75EFF224B131800537237 /* CodeInputController.swift */,
			);
			path = CodeInput;
			sourceTree = "<group>";
		};
		ECD2442F224B113400767A56 /* JoinRoomView */ = {
			isa = PBXGroup;
			children = (
				ECD24430224B114400767A56 /* JoinRoomView.xib */,
				ECF75F01224B17CA00537237 /* JoinRoomView.swift */,
				ECF75F03224B182400537237 /* JoinRoomViewController.swift */,
			);
			path = JoinRoomView;
			sourceTree = "<group>";
		};
		ECD4553F223FA135006AF78D /* Modal */ = {
			isa = PBXGroup;
			children = (
				ECD45540223FA21E006AF78D /* Modal.xib */,
				ECD45542223FACC4006AF78D /* ModalController.swift */,
			);
			path = Modal;
			sourceTree = "<group>";
		};
		ECD45544223FAFA5006AF78D /* Context */ = {
			isa = PBXGroup;
			children = (
				ECD45545223FAFBE006AF78D /* ContextController.swift */,
				ECD45547223FAFFF006AF78D /* Context.swift */,
			);
			path = Context;
			sourceTree = "<group>";
		};
		ECD4554B2240B097006AF78D /* Alert */ = {
			isa = PBXGroup;
			children = (
				ECD4554C2240B0AF006AF78D /* Alert.xib */,
				ECD4554E2240B3B3006AF78D /* Alert.swift */,
				ECD455502240B510006AF78D /* AlertController.swift */,
				ECD455522240B5D1006AF78D /* AlertAction.swift */,
			);
			path = Alert;
			sourceTree = "<group>";
		};
		ECD455542240F14B006AF78D /* TitleScreen */ = {
			isa = PBXGroup;
			children = (
				EC449B74223B7E6300A8EA35 /* TitleScreenView.xib */,
				EC449B7E223B889400A8EA35 /* TitleScreenView.swift */,
			);
			path = TitleScreen;
			sourceTree = "<group>";
		};
		ECD455552240F15D006AF78D /* PlayScreen */ = {
			isa = PBXGroup;
			children = (
				EC449B76223B81FE00A8EA35 /* PlayScreenView.xib */,
				EC449B80223B8C0C00A8EA35 /* PlayScreenView.swift */,
			);
			path = PlayScreen;
			sourceTree = "<group>";
		};
		ECD455562240F169006AF78D /* LevelSelectView */ = {
			isa = PBXGroup;
			children = (
				EC449B84223BA48100A8EA35 /* LevelSelectView.swift */,
				EC449B86223BA49D00A8EA35 /* LevelSelectView.xib */,
			);
			path = LevelSelectView;
			sourceTree = "<group>";
		};
		ECD455572240F173006AF78D /* StoryModeLevelSelectView */ = {
			isa = PBXGroup;
			children = (
				EC449B8A223BACD500A8EA35 /* StoryModeLevelSelectView.xib */,
				EC449B95223BB1D400A8EA35 /* StoryModeLevelSelectView.swift */,
			);
			path = StoryModeLevelSelectView;
			sourceTree = "<group>";
		};
		ECD455582240F17F006AF78D /* CreditsSceneView */ = {
			isa = PBXGroup;
			children = (
				ECA66DC1223D5DD100D1D0BC /* CreditsScreenView.xib */,
				ECA66DC3223D5F4000D1D0BC /* CreditsScreenView.swift */,
			);
			path = CreditsSceneView;
			sourceTree = "<group>";
		};
		ECD455592240F188006AF78D /* SettingsScreenView */ = {
			isa = PBXGroup;
			children = (
				EC40E4AD223F97E50073D755 /* SettingsScreenView.xib */,
				EC40E4AF223F983E0073D755 /* SettingsScreenView.swift */,
			);
			path = SettingsScreenView;
			sourceTree = "<group>";
		};
		ECD4555A2240F195006AF78D /* MultiplayerScreenView */ = {
			isa = PBXGroup;
			children = (
				ECD4555B2240F1FB006AF78D /* MultiplayerScreenView.xib */,
				ECD4555D2240F44A006AF78D /* MultiplayerScreenView.swift */,
			);
			path = MultiplayerScreenView;
			sourceTree = "<group>";
		};
		ECD4555F2240F48D006AF78D /* MultiplayerLobbyView */ = {
			isa = PBXGroup;
			children = (
				ECD455602240F499006AF78D /* MultiplayerLobbyView.xib */,
				ECD455622240F4A8006AF78D /* MultiplayerLobbyView.swift */,
			);
			path = MultiplayerLobbyView;
			sourceTree = "<group>";
		};
		ECD4556A2240FBDD006AF78D /* PlayerBox */ = {
			isa = PBXGroup;
			children = (
				ECD4556B2240FBED006AF78D /* PlayerBox.xib */,
				ECD4556D2240FBFA006AF78D /* PlayerBox.swift */,
				ECD4556F2240FEDE006AF78D /* PlayerBoxController.swift */,
			);
			path = PlayerBox;
			sourceTree = "<group>";
		};
		F92ECAE0224BAE800040A4E2 /* Network */ = {
			isa = PBXGroup;
			children = (
				F92ECAE1224BAE8F0040A4E2 /* Database.swift */,
				F92ECAE3224BAEBD0040A4E2 /* Authentication.swift */,
				F92ECAE5224BAEDB0040A4E2 /* Room.swift */,
				F92ECAE7224BAEEF0040A4E2 /* Game.swift */,
			);
			path = Network;
			sourceTree = "<group>";
		};
/* End PBXGroup section */

/* Begin PBXNativeTarget section */
		EC3824192238803A000D7148 /* slime */ = {
			isa = PBXNativeTarget;
			buildConfigurationList = EC3824372238803D000D7148 /* Build configuration list for PBXNativeTarget "slime" */;
			buildPhases = (
				D5650B879D686D5D14466C12 /* [CP] Check Pods Manifest.lock */,
				EC3824162238803A000D7148 /* Sources */,
				EC3824172238803A000D7148 /* Frameworks */,
				EC3824182238803A000D7148 /* Resources */,
				951CADF22146F6016F102A11 /* [CP] Embed Pods Frameworks */,
				1DE97EE322438E22007CBD89 /* Run Script */,
			);
			buildRules = (
			);
			dependencies = (
			);
			name = slime;
			productName = slime;
			productReference = EC38241A2238803A000D7148 /* slime.app */;
			productType = "com.apple.product-type.application";
		};
		EC38242D2238803D000D7148 /* slimeTests */ = {
			isa = PBXNativeTarget;
			buildConfigurationList = EC38243A2238803D000D7148 /* Build configuration list for PBXNativeTarget "slimeTests" */;
			buildPhases = (
				603C85CE3C13985DFB535341 /* [CP] Check Pods Manifest.lock */,
				EC38242A2238803D000D7148 /* Sources */,
				EC38242B2238803D000D7148 /* Frameworks */,
				EC38242C2238803D000D7148 /* Resources */,
			);
			buildRules = (
			);
			dependencies = (
				EC3824302238803D000D7148 /* PBXTargetDependency */,
			);
			name = slimeTests;
			productName = slimeTests;
			productReference = EC38242E2238803D000D7148 /* slimeTests.xctest */;
			productType = "com.apple.product-type.bundle.unit-test";
		};
/* End PBXNativeTarget section */

/* Begin PBXProject section */
		EC3824122238803A000D7148 /* Project object */ = {
			isa = PBXProject;
			attributes = {
				LastSwiftUpdateCheck = 1010;
				LastUpgradeCheck = 1010;
				ORGANIZATIONNAME = nus.cs3217.a0166733y;
				TargetAttributes = {
					EC3824192238803A000D7148 = {
						CreatedOnToolsVersion = 10.1;
					};
					EC38242D2238803D000D7148 = {
						CreatedOnToolsVersion = 10.1;
						TestTargetID = EC3824192238803A000D7148;
					};
				};
			};
			buildConfigurationList = EC3824152238803A000D7148 /* Build configuration list for PBXProject "slime" */;
			compatibilityVersion = "Xcode 9.3";
			developmentRegion = en;
			hasScannedForEncodings = 0;
			knownRegions = (
				en,
				Base,
			);
			mainGroup = EC3824112238803A000D7148;
			productRefGroup = EC38241B2238803A000D7148 /* Products */;
			projectDirPath = "";
			projectRoot = "";
			targets = (
				EC3824192238803A000D7148 /* slime */,
				EC38242D2238803D000D7148 /* slimeTests */,
			);
		};
/* End PBXProject section */

/* Begin PBXResourcesBuildPhase section */
		EC3824182238803A000D7148 /* Resources */ = {
			isa = PBXResourcesBuildPhase;
			buildActionMask = 2147483647;
			files = (
				EC3824282238803D000D7148 /* LaunchScreen.storyboard in Resources */,
				EC38246D223A1803000D7148 /* Rubik-Bold.ttf in Resources */,
				EC382470223A1803000D7148 /* Rubik-BlackItalic.ttf in Resources */,
				EC382473223A1803000D7148 /* Rubik-Black.ttf in Resources */,
				ECD455612240F499006AF78D /* MultiplayerLobbyView.xib in Resources */,
				ECD24431224B114400767A56 /* JoinRoomView.xib in Resources */,
				EC4924EB22461FEC007B9797 /* OrderBlob.xib in Resources */,
				EC38246C223A1803000D7148 /* Rubik-BoldItalic.ttf in Resources */,
				EC449B87223BA49D00A8EA35 /* LevelSelectView.xib in Resources */,
				EC38246F223A1803000D7148 /* Rubik-LightItalic.ttf in Resources */,
				F92ECADF224BADEC0040A4E2 /* GoogleService-Info.plist in Resources */,
				EC449B90223BADBB00A8EA35 /* LevelDetailsBox.xib in Resources */,
				ECD24420224AFFEB00767A56 /* SlimeNumberInputView.xib in Resources */,
				EC449B77223B81FE00A8EA35 /* PlayScreenView.xib in Resources */,
				8BEDCD392247F10100E24A20 /* Level1.plist in Resources */,
				EC21B4052242155600827121 /* LoadingScreenView.xib in Resources */,
				ECD4555C2240F1FB006AF78D /* MultiplayerScreenView.xib in Resources */,
				ECD4554D2240B0AF006AF78D /* Alert.xib in Resources */,
				EC4924F42248D616007B9797 /* RatingView.xib in Resources */,
				EC38246B223A1803000D7148 /* Rubik-Regular.ttf in Resources */,
				ECD24428224B0A9300767A56 /* SlimeNumberPadView.xib in Resources */,
				EC449B75223B7E6300A8EA35 /* TitleScreenView.xib in Resources */,
				EC21B40022420CA700827121 /* LevelPlayButton.xib in Resources */,
				EC449B8B223BACD500A8EA35 /* StoryModeLevelSelectView.xib in Resources */,
				ECD45541223FA21E006AF78D /* Modal.xib in Resources */,
				EC449B8E223BAD4400A8EA35 /* MapDot.xib in Resources */,
				EC38246A223A1803000D7148 /* Rubik-Light.ttf in Resources */,
				ECD4556C2240FBED006AF78D /* PlayerBox.xib in Resources */,
				EC3824252238803D000D7148 /* Assets.xcassets in Resources */,
				EC4924E42246163C007B9797 /* LevelPlaceView.xib in Resources */,
				ECA66DC2223D5DD100D1D0BC /* CreditsScreenView.xib in Resources */,
				EC38246E223A1803000D7148 /* Rubik-Italic.ttf in Resources */,
				EC449B9B223BB9EA00A8EA35 /* levels.json in Resources */,
				EC382480223A2999000D7148 /* PlayMenuButton.xib in Resources */,
				8B81EFBC224344AD007BFDB0 /* Slime.atlas in Resources */,
				EC382471223A1803000D7148 /* Rubik-MediumItalic.ttf in Resources */,
				ECD4557622411340006AF78D /* UpButton.xib in Resources */,
				EC38243F223882C5000D7148 /* PrimaryButton.xib in Resources */,
				EC3824232238803A000D7148 /* Main.storyboard in Resources */,
				EC38245F223A17F7000D7148 /* Squidgy Slimes.ttf in Resources */,
				EC40E4AE223F97E50073D755 /* SettingsScreenView.xib in Resources */,
				ECD24433224B11F800767A56 /* CodeInputView.xib in Resources */,
				EC382472223A1803000D7148 /* Rubik-Medium.ttf in Resources */,
			);
			runOnlyForDeploymentPostprocessing = 0;
		};
		EC38242C2238803D000D7148 /* Resources */ = {
			isa = PBXResourcesBuildPhase;
			buildActionMask = 2147483647;
			files = (
			);
			runOnlyForDeploymentPostprocessing = 0;
		};
/* End PBXResourcesBuildPhase section */

/* Begin PBXShellScriptBuildPhase section */
		1DE97EE322438E22007CBD89 /* Run Script */ = {
			isa = PBXShellScriptBuildPhase;
			buildActionMask = 2147483647;
			files = (
			);
			inputPaths = (
			);
			name = "Run Script";
			outputPaths = (
			);
			runOnlyForDeploymentPostprocessing = 0;
			shellPath = /bin/sh;
			shellScript = "
";
		};
		603C85CE3C13985DFB535341 /* [CP] Check Pods Manifest.lock */ = {
			isa = PBXShellScriptBuildPhase;
			buildActionMask = 2147483647;
			files = (
			);
			inputPaths = (
				"${PODS_PODFILE_DIR_PATH}/Podfile.lock",
				"${PODS_ROOT}/Manifest.lock",
			);
			name = "[CP] Check Pods Manifest.lock";
			outputPaths = (
				"$(DERIVED_FILE_DIR)/Pods-slimeTests-checkManifestLockResult.txt",
			);
			runOnlyForDeploymentPostprocessing = 0;
			shellPath = /bin/sh;
			shellScript = "diff \"${PODS_PODFILE_DIR_PATH}/Podfile.lock\" \"${PODS_ROOT}/Manifest.lock\" > /dev/null\nif [ $? != 0 ] ; then\n    # print error to STDERR\n    echo \"error: The sandbox is not in sync with the Podfile.lock. Run 'pod install' or update your CocoaPods installation.\" >&2\n    exit 1\nfi\n# This output is used by Xcode 'outputs' to avoid re-running this script phase.\necho \"SUCCESS\" > \"${SCRIPT_OUTPUT_FILE_0}\"\n";
			showEnvVarsInLog = 0;
		};
		951CADF22146F6016F102A11 /* [CP] Embed Pods Frameworks */ = {
			isa = PBXShellScriptBuildPhase;
			buildActionMask = 2147483647;
			files = (
			);
			inputPaths = (
				"${SRCROOT}/Pods/Target Support Files/Pods-slime/Pods-slime-frameworks.sh",
				"${BUILT_PRODUCTS_DIR}/GTMSessionFetcher/GTMSessionFetcher.framework",
				"${BUILT_PRODUCTS_DIR}/GoogleUtilities/GoogleUtilities.framework",
				"${BUILT_PRODUCTS_DIR}/RxAtomic/RxAtomic.framework",
				"${BUILT_PRODUCTS_DIR}/RxCocoa/RxCocoa.framework",
				"${BUILT_PRODUCTS_DIR}/RxGesture/RxGesture.framework",
				"${BUILT_PRODUCTS_DIR}/RxSwift/RxSwift.framework",
				"${BUILT_PRODUCTS_DIR}/SnapKit/SnapKit.framework",
				"${BUILT_PRODUCTS_DIR}/leveldb-library/leveldb.framework",
				"${BUILT_PRODUCTS_DIR}/nanopb/nanopb.framework",
			);
			name = "[CP] Embed Pods Frameworks";
			outputPaths = (
				"${TARGET_BUILD_DIR}/${FRAMEWORKS_FOLDER_PATH}/GTMSessionFetcher.framework",
				"${TARGET_BUILD_DIR}/${FRAMEWORKS_FOLDER_PATH}/GoogleUtilities.framework",
				"${TARGET_BUILD_DIR}/${FRAMEWORKS_FOLDER_PATH}/RxAtomic.framework",
				"${TARGET_BUILD_DIR}/${FRAMEWORKS_FOLDER_PATH}/RxCocoa.framework",
				"${TARGET_BUILD_DIR}/${FRAMEWORKS_FOLDER_PATH}/RxGesture.framework",
				"${TARGET_BUILD_DIR}/${FRAMEWORKS_FOLDER_PATH}/RxSwift.framework",
				"${TARGET_BUILD_DIR}/${FRAMEWORKS_FOLDER_PATH}/SnapKit.framework",
				"${TARGET_BUILD_DIR}/${FRAMEWORKS_FOLDER_PATH}/leveldb.framework",
				"${TARGET_BUILD_DIR}/${FRAMEWORKS_FOLDER_PATH}/nanopb.framework",
			);
			runOnlyForDeploymentPostprocessing = 0;
			shellPath = /bin/sh;
			shellScript = "\"${SRCROOT}/Pods/Target Support Files/Pods-slime/Pods-slime-frameworks.sh\"\n";
			showEnvVarsInLog = 0;
		};
		D5650B879D686D5D14466C12 /* [CP] Check Pods Manifest.lock */ = {
			isa = PBXShellScriptBuildPhase;
			buildActionMask = 2147483647;
			files = (
			);
			inputPaths = (
				"${PODS_PODFILE_DIR_PATH}/Podfile.lock",
				"${PODS_ROOT}/Manifest.lock",
			);
			name = "[CP] Check Pods Manifest.lock";
			outputPaths = (
				"$(DERIVED_FILE_DIR)/Pods-slime-checkManifestLockResult.txt",
			);
			runOnlyForDeploymentPostprocessing = 0;
			shellPath = /bin/sh;
			shellScript = "diff \"${PODS_PODFILE_DIR_PATH}/Podfile.lock\" \"${PODS_ROOT}/Manifest.lock\" > /dev/null\nif [ $? != 0 ] ; then\n    # print error to STDERR\n    echo \"error: The sandbox is not in sync with the Podfile.lock. Run 'pod install' or update your CocoaPods installation.\" >&2\n    exit 1\nfi\n# This output is used by Xcode 'outputs' to avoid re-running this script phase.\necho \"SUCCESS\" > \"${SCRIPT_OUTPUT_FILE_0}\"\n";
			showEnvVarsInLog = 0;
		};
/* End PBXShellScriptBuildPhase section */

/* Begin PBXSourcesBuildPhase section */
		EC3824162238803A000D7148 /* Sources */ = {
			isa = PBXSourcesBuildPhase;
			buildActionMask = 2147483647;
			files = (
				EC38245C223A100B000D7148 /* TextStyles.swift in Sources */,
				8BD816B3224262F100586180 /* AnalogJoystick.swift in Sources */,
				ECD45543223FACC4006AF78D /* ModalController.swift in Sources */,
				EC382475223A1AA4000D7148 /* ColorStyles.swift in Sources */,
				EC449B83223B917C00A8EA35 /* CGPointExtension.swift in Sources */,
				F92ECAE4224BAEBD0040A4E2 /* Authentication.swift in Sources */,
				ECD455652240F5B6006AF78D /* MultiplayerScreenViewController.swift in Sources */,
				F92ECAEA224D1B490040A4E2 /* FadeInOutSegue.swift in Sources */,
				EC38247D223A2344000D7148 /* UIColorExtension.swift in Sources */,
				EC382484223A2B6C000D7148 /* PlayMenuButtonController.swift in Sources */,
				ECD455532240B5D1006AF78D /* AlertAction.swift in Sources */,
				1DE6FC5A224CA45700B36F48 /* Station.swift in Sources */,
				1D2202A1224AB5850080CF7D /* Stage.swift in Sources */,
				1D22029C224AB5850080CF7D /* Ladder.swift in Sources */,
				ECD4554F2240B3B3006AF78D /* Alert.swift in Sources */,
				ECD4555E2240F44A006AF78D /* MultiplayerScreenView.swift in Sources */,
				EC40E4B2223F986D0073D755 /* SettingsScreenViewController.swift in Sources */,
				EC40E4B0223F983E0073D755 /* SettingsScreenView.swift in Sources */,
				ECD4554A223FB133006AF78D /* ViewController.swift in Sources */,
				1DE6FC5E224CA4AD00B36F48 /* StoreFront.swift in Sources */,
				ECF75F02224B17CA00537237 /* JoinRoomView.swift in Sources */,
				EC38245422390789000D7148 /* ScrollingBackgroundViewController.swift in Sources */,
				EC38244722388CB1000D7148 /* PrimaryButtonController.swift in Sources */,
				1DE6FC61224CA9A200B36F48 /* Recipe.swift in Sources */,
				EC449B89223BAA8100A8EA35 /* LevelSelectViewController.swift in Sources */,
				EC449B79223B82A600A8EA35 /* MainController.swift in Sources */,
				F92ECAE2224BAE8F0040A4E2 /* Database.swift in Sources */,
				EC449B94223BB08700A8EA35 /* LevelDetailsBoxController.swift in Sources */,
				ECF75F00224B131800537237 /* CodeInputController.swift in Sources */,
				ECD45548223FAFFF006AF78D /* Context.swift in Sources */,
				EC449B22223A35BE00A8EA35 /* PlayScreenViewController.swift in Sources */,
				EC449B98223BB20400A8EA35 /* StoryModeLevelSelectController.swift in Sources */,
				8BEDCD43224E089A00E24A20 /* SerializableGameData.swift in Sources */,
				1D22029D224AB5850080CF7D /* Slime.swift in Sources */,
				1D22029F224AB5850080CF7D /* Order.swift in Sources */,
				EC4924F62248D638007B9797 /* RatingView.swift in Sources */,
				ECF75EFE224B12C100537237 /* CodeInputView.swift in Sources */,
				1D2202A2224AB5850080CF7D /* Ingredient.swift in Sources */,
				ECD2442E224B108200767A56 /* NumberPadResponder.swift in Sources */,
				ECD2442C224B0D0800767A56 /* SlimeNumberPadController.swift in Sources */,
				1D22029A224AB5850080CF7D /* Plate.swift in Sources */,
				1DD6EBE1224E368C006FF6CD /* ChoppingEquipment.swift in Sources */,
				EC4924ED2246210C007B9797 /* OrderBlob.swift in Sources */,
				EC4924E8224618E6007B9797 /* LevelPlaceView.swift in Sources */,
				1D2202A3224AB5850080CF7D /* StageConstants.swift in Sources */,
				EC382479223A1BE7000D7148 /* PrimaryButtonColor.swift in Sources */,
				ECA66DC4223D5F4000D1D0BC /* CreditsScreenView.swift in Sources */,
				EC449B96223BB1D400A8EA35 /* StoryModeLevelSelectView.swift in Sources */,
				8BD816B922426D1400586180 /* BDButton.swift in Sources */,
				ECD24424224B018800767A56 /* Controller.swift in Sources */,
				ECD4556E2240FBFA006AF78D /* PlayerBox.swift in Sources */,
				ECD455672240F974006AF78D /* ViewControllerProtocol.swift in Sources */,
				EC21B40222420D4100827121 /* DesignableView.swift in Sources */,
				1D2202AD224AB68F0080CF7D /* PlateStorage.swift in Sources */,
				EC79FFEE2242238C002E8FE7 /* GameViewController.swift in Sources */,
				1DE6FC63224D12F600B36F48 /* IngredientStorage.swift in Sources */,
				8BD816AF22422C6700586180 /* Extensions.swift in Sources */,
				EC4924EF22462174007B9797 /* OrderBlobController.swift in Sources */,
				1DE6FC6B224D26A200B36F48 /* Trash.swift in Sources */,
				EC21B409224217E200827121 /* LoadingScreenViewController.swift in Sources */,
				1D2202A0224AB5850080CF7D /* Slime+Movements.swift in Sources */,
				EC382482223A2AF5000D7148 /* PlayMenuButton.swift in Sources */,
				EC449B92223BB01C00A8EA35 /* LevelDetailsBox.swift in Sources */,
				EC3824512238FB3D000D7148 /* ButtonController.swift in Sources */,
				EC38245A223A0F6F000D7148 /* TextLabel.swift in Sources */,
				ECD455702240FEDE006AF78D /* PlayerBoxController.swift in Sources */,
				EC449B81223B8C0C00A8EA35 /* PlayScreenView.swift in Sources */,
				EC40E4AC223D61320073D755 /* CreditsSceneViewController.swift in Sources */,
				F92ECAE6224BAEDB0040A4E2 /* Room.swift in Sources */,
				EC449B7B223B83DA00A8EA35 /* Router.swift in Sources */,
				ECD455512240B510006AF78D /* AlertController.swift in Sources */,
				ECF75F04224B182400537237 /* JoinRoomViewController.swift in Sources */,
				ECD24422224B011B00767A56 /* SlimeNumberInputController.swift in Sources */,
				ECD2441E224AFFDD00767A56 /* SlimeNumberInputView.swift in Sources */,
				EC449B7F223B889400A8EA35 /* TitleScreenView.swift in Sources */,
				EC3824202238803A000D7148 /* TitleScreenViewController.swift in Sources */,
				1D2202A5224AB5850080CF7D /* Spaceship.swift in Sources */,
				F92ECAE8224BAEEF0040A4E2 /* Game.swift in Sources */,
				1DE6FC5C224CA46700B36F48 /* Table.swift in Sources */,
				1DE6FC65224D1D3900B36F48 /* Oven.swift in Sources */,
				EC38244B22389649000D7148 /* ImageProvider.swift in Sources */,
				EC38244322388389000D7148 /* XibView.swift in Sources */,
				ECD455692240FB23006AF78D /* MultiplayerLobbyViewController.swift in Sources */,
				EC21B407224216C500827121 /* LoadingScreenView.swift in Sources */,
				EC38244F2238F023000D7148 /* PrimaryButton.swift in Sources */,
				ECD24426224B02C900767A56 /* Logger.swift in Sources */,
				EC449B85223BA48100A8EA35 /* LevelSelectView.swift in Sources */,
				ECA66DBE223D2A1B00D1D0BC /* LevelPlaceController.swift in Sources */,
				EC449B9E223BBA0300A8EA35 /* Level.swift in Sources */,
				1D22029E224AB5850080CF7D /* CookingEquipment.swift in Sources */,
				ECD455722240FFC7006AF78D /* Player.swift in Sources */,
				EC449B7D223B873600A8EA35 /* RouterViewController.swift in Sources */,
				EC4924F82248D877007B9797 /* RatingViewController.swift in Sources */,
				ECD2442A224B0C9E00767A56 /* SlimeNumberPadView.swift in Sources */,
				EC3824562239116D000D7148 /* CGRectExtension.swift in Sources */,
				ECD45546223FAFBE006AF78D /* ContextController.swift in Sources */,
				ECD455632240F4A8006AF78D /* MultiplayerLobbyView.swift in Sources */,
				EC40E4B4223F98EF0073D755 /* RouteTransitionHandler.swift in Sources */,
				1DE6FC67224D1E3C00B36F48 /* FryingEquipment.swift in Sources */,
				1D22029B224AB5850080CF7D /* Food.swift in Sources */,
				EC38244D22389DAD000D7148 /* UIViewExtension.swift in Sources */,
				EC4924F12246220A007B9797 /* OrderBlobRecipe.swift in Sources */,
				EC38241E2238803A000D7148 /* AppDelegate.swift in Sources */,
			);
			runOnlyForDeploymentPostprocessing = 0;
		};
		EC38242A2238803D000D7148 /* Sources */ = {
			isa = PBXSourcesBuildPhase;
			buildActionMask = 2147483647;
			files = (
				EC3824332238803D000D7148 /* slimeTests.swift in Sources */,
			);
			runOnlyForDeploymentPostprocessing = 0;
		};
/* End PBXSourcesBuildPhase section */

/* Begin PBXTargetDependency section */
		EC3824302238803D000D7148 /* PBXTargetDependency */ = {
			isa = PBXTargetDependency;
			target = EC3824192238803A000D7148 /* slime */;
			targetProxy = EC38242F2238803D000D7148 /* PBXContainerItemProxy */;
		};
/* End PBXTargetDependency section */

/* Begin PBXVariantGroup section */
		EC3824212238803A000D7148 /* Main.storyboard */ = {
			isa = PBXVariantGroup;
			children = (
				EC3824222238803A000D7148 /* Base */,
			);
			name = Main.storyboard;
			sourceTree = "<group>";
		};
		EC3824262238803D000D7148 /* LaunchScreen.storyboard */ = {
			isa = PBXVariantGroup;
			children = (
				EC3824272238803D000D7148 /* Base */,
			);
			name = LaunchScreen.storyboard;
			sourceTree = "<group>";
		};
/* End PBXVariantGroup section */

/* Begin XCBuildConfiguration section */
		EC3824352238803D000D7148 /* Debug */ = {
			isa = XCBuildConfiguration;
			buildSettings = {
				ALWAYS_SEARCH_USER_PATHS = NO;
				CLANG_ANALYZER_NONNULL = YES;
				CLANG_ANALYZER_NUMBER_OBJECT_CONVERSION = YES_AGGRESSIVE;
				CLANG_CXX_LANGUAGE_STANDARD = "gnu++14";
				CLANG_CXX_LIBRARY = "libc++";
				CLANG_ENABLE_MODULES = YES;
				CLANG_ENABLE_OBJC_ARC = YES;
				CLANG_ENABLE_OBJC_WEAK = YES;
				CLANG_WARN_BLOCK_CAPTURE_AUTORELEASING = YES;
				CLANG_WARN_BOOL_CONVERSION = YES;
				CLANG_WARN_COMMA = YES;
				CLANG_WARN_CONSTANT_CONVERSION = YES;
				CLANG_WARN_DEPRECATED_OBJC_IMPLEMENTATIONS = YES;
				CLANG_WARN_DIRECT_OBJC_ISA_USAGE = YES_ERROR;
				CLANG_WARN_DOCUMENTATION_COMMENTS = YES;
				CLANG_WARN_EMPTY_BODY = YES;
				CLANG_WARN_ENUM_CONVERSION = YES;
				CLANG_WARN_INFINITE_RECURSION = YES;
				CLANG_WARN_INT_CONVERSION = YES;
				CLANG_WARN_NON_LITERAL_NULL_CONVERSION = YES;
				CLANG_WARN_OBJC_IMPLICIT_RETAIN_SELF = YES;
				CLANG_WARN_OBJC_LITERAL_CONVERSION = YES;
				CLANG_WARN_OBJC_ROOT_CLASS = YES_ERROR;
				CLANG_WARN_RANGE_LOOP_ANALYSIS = YES;
				CLANG_WARN_STRICT_PROTOTYPES = YES;
				CLANG_WARN_SUSPICIOUS_MOVE = YES;
				CLANG_WARN_UNGUARDED_AVAILABILITY = YES_AGGRESSIVE;
				CLANG_WARN_UNREACHABLE_CODE = YES;
				CLANG_WARN__DUPLICATE_METHOD_MATCH = YES;
				CODE_SIGN_IDENTITY = "iPhone Developer";
				COPY_PHASE_STRIP = NO;
				DEBUG_INFORMATION_FORMAT = dwarf;
				ENABLE_STRICT_OBJC_MSGSEND = YES;
				ENABLE_TESTABILITY = YES;
				GCC_C_LANGUAGE_STANDARD = gnu11;
				GCC_DYNAMIC_NO_PIC = NO;
				GCC_NO_COMMON_BLOCKS = YES;
				GCC_OPTIMIZATION_LEVEL = 0;
				GCC_PREPROCESSOR_DEFINITIONS = (
					"DEBUG=1",
					"$(inherited)",
				);
				GCC_WARN_64_TO_32_BIT_CONVERSION = YES;
				GCC_WARN_ABOUT_RETURN_TYPE = YES_ERROR;
				GCC_WARN_UNDECLARED_SELECTOR = YES;
				GCC_WARN_UNINITIALIZED_AUTOS = YES_AGGRESSIVE;
				GCC_WARN_UNUSED_FUNCTION = YES;
				GCC_WARN_UNUSED_VARIABLE = YES;
				IPHONEOS_DEPLOYMENT_TARGET = 12.1;
				MTL_ENABLE_DEBUG_INFO = INCLUDE_SOURCE;
				MTL_FAST_MATH = YES;
				ONLY_ACTIVE_ARCH = YES;
				SDKROOT = iphoneos;
				SWIFT_ACTIVE_COMPILATION_CONDITIONS = DEBUG;
				SWIFT_OPTIMIZATION_LEVEL = "-Onone";
			};
			name = Debug;
		};
		EC3824362238803D000D7148 /* Release */ = {
			isa = XCBuildConfiguration;
			buildSettings = {
				ALWAYS_SEARCH_USER_PATHS = NO;
				CLANG_ANALYZER_NONNULL = YES;
				CLANG_ANALYZER_NUMBER_OBJECT_CONVERSION = YES_AGGRESSIVE;
				CLANG_CXX_LANGUAGE_STANDARD = "gnu++14";
				CLANG_CXX_LIBRARY = "libc++";
				CLANG_ENABLE_MODULES = YES;
				CLANG_ENABLE_OBJC_ARC = YES;
				CLANG_ENABLE_OBJC_WEAK = YES;
				CLANG_WARN_BLOCK_CAPTURE_AUTORELEASING = YES;
				CLANG_WARN_BOOL_CONVERSION = YES;
				CLANG_WARN_COMMA = YES;
				CLANG_WARN_CONSTANT_CONVERSION = YES;
				CLANG_WARN_DEPRECATED_OBJC_IMPLEMENTATIONS = YES;
				CLANG_WARN_DIRECT_OBJC_ISA_USAGE = YES_ERROR;
				CLANG_WARN_DOCUMENTATION_COMMENTS = YES;
				CLANG_WARN_EMPTY_BODY = YES;
				CLANG_WARN_ENUM_CONVERSION = YES;
				CLANG_WARN_INFINITE_RECURSION = YES;
				CLANG_WARN_INT_CONVERSION = YES;
				CLANG_WARN_NON_LITERAL_NULL_CONVERSION = YES;
				CLANG_WARN_OBJC_IMPLICIT_RETAIN_SELF = YES;
				CLANG_WARN_OBJC_LITERAL_CONVERSION = YES;
				CLANG_WARN_OBJC_ROOT_CLASS = YES_ERROR;
				CLANG_WARN_RANGE_LOOP_ANALYSIS = YES;
				CLANG_WARN_STRICT_PROTOTYPES = YES;
				CLANG_WARN_SUSPICIOUS_MOVE = YES;
				CLANG_WARN_UNGUARDED_AVAILABILITY = YES_AGGRESSIVE;
				CLANG_WARN_UNREACHABLE_CODE = YES;
				CLANG_WARN__DUPLICATE_METHOD_MATCH = YES;
				CODE_SIGN_IDENTITY = "iPhone Developer";
				COPY_PHASE_STRIP = NO;
				DEBUG_INFORMATION_FORMAT = "dwarf-with-dsym";
				ENABLE_NS_ASSERTIONS = NO;
				ENABLE_STRICT_OBJC_MSGSEND = YES;
				GCC_C_LANGUAGE_STANDARD = gnu11;
				GCC_NO_COMMON_BLOCKS = YES;
				GCC_WARN_64_TO_32_BIT_CONVERSION = YES;
				GCC_WARN_ABOUT_RETURN_TYPE = YES_ERROR;
				GCC_WARN_UNDECLARED_SELECTOR = YES;
				GCC_WARN_UNINITIALIZED_AUTOS = YES_AGGRESSIVE;
				GCC_WARN_UNUSED_FUNCTION = YES;
				GCC_WARN_UNUSED_VARIABLE = YES;
				IPHONEOS_DEPLOYMENT_TARGET = 12.1;
				MTL_ENABLE_DEBUG_INFO = NO;
				MTL_FAST_MATH = YES;
				SDKROOT = iphoneos;
				SWIFT_COMPILATION_MODE = wholemodule;
				SWIFT_OPTIMIZATION_LEVEL = "-O";
				VALIDATE_PRODUCT = YES;
			};
			name = Release;
		};
		EC3824382238803D000D7148 /* Debug */ = {
			isa = XCBuildConfiguration;
			baseConfigurationReference = 5C1D406302B065DC29582229 /* Pods-slime.debug.xcconfig */;
			buildSettings = {
				ASSETCATALOG_COMPILER_APPICON_NAME = AppIcon;
				CODE_SIGN_IDENTITY = "iPhone Developer";
				CODE_SIGN_STYLE = Automatic;
				DEVELOPMENT_TEAM = W76H98A34A;
				INFOPLIST_FILE = slime/Info.plist;
				LD_RUNPATH_SEARCH_PATHS = (
					"$(inherited)",
					"@executable_path/Frameworks",
				);
				PRODUCT_BUNDLE_IDENTIFIER = nus.cs3217.a0143378y.slime;
				PRODUCT_NAME = "$(TARGET_NAME)";
				PROVISIONING_PROFILE_SPECIFIER = "";
				SWIFT_VERSION = 4.2;
				TARGETED_DEVICE_FAMILY = "1,2";
			};
			name = Debug;
		};
		EC3824392238803D000D7148 /* Release */ = {
			isa = XCBuildConfiguration;
			baseConfigurationReference = FC54AF03EC549BA6D820D01E /* Pods-slime.release.xcconfig */;
			buildSettings = {
				ASSETCATALOG_COMPILER_APPICON_NAME = AppIcon;
				CODE_SIGN_IDENTITY = "iPhone Developer";
				CODE_SIGN_STYLE = Automatic;
				DEVELOPMENT_TEAM = W76H98A34A;
				INFOPLIST_FILE = slime/Info.plist;
				LD_RUNPATH_SEARCH_PATHS = (
					"$(inherited)",
					"@executable_path/Frameworks",
				);
				PRODUCT_BUNDLE_IDENTIFIER = nus.cs3217.a0143378y.slime;
				PRODUCT_NAME = "$(TARGET_NAME)";
				PROVISIONING_PROFILE_SPECIFIER = "";
				SWIFT_VERSION = 4.2;
				TARGETED_DEVICE_FAMILY = "1,2";
			};
			name = Release;
		};
		EC38243B2238803D000D7148 /* Debug */ = {
			isa = XCBuildConfiguration;
			baseConfigurationReference = 6735932F665D31728CAAB2F4 /* Pods-slimeTests.debug.xcconfig */;
			buildSettings = {
				ALWAYS_EMBED_SWIFT_STANDARD_LIBRARIES = YES;
				BUNDLE_LOADER = "$(TEST_HOST)";
				CODE_SIGN_STYLE = Automatic;
				DEVELOPMENT_TEAM = W76H98A34A;
				INFOPLIST_FILE = slimeTests/Info.plist;
				LD_RUNPATH_SEARCH_PATHS = (
					"$(inherited)",
					"@executable_path/Frameworks",
					"@loader_path/Frameworks",
				);
				PRODUCT_BUNDLE_IDENTIFIER = nus.cs3217.a0166733y.slimeTests;
				PRODUCT_NAME = "$(TARGET_NAME)";
				SWIFT_VERSION = 4.2;
				TARGETED_DEVICE_FAMILY = "1,2";
				TEST_HOST = "$(BUILT_PRODUCTS_DIR)/slime.app/slime";
			};
			name = Debug;
		};
		EC38243C2238803D000D7148 /* Release */ = {
			isa = XCBuildConfiguration;
			baseConfigurationReference = 2A2746E58E1E2C60194FCE38 /* Pods-slimeTests.release.xcconfig */;
			buildSettings = {
				ALWAYS_EMBED_SWIFT_STANDARD_LIBRARIES = YES;
				BUNDLE_LOADER = "$(TEST_HOST)";
				CODE_SIGN_STYLE = Automatic;
				DEVELOPMENT_TEAM = W76H98A34A;
				INFOPLIST_FILE = slimeTests/Info.plist;
				LD_RUNPATH_SEARCH_PATHS = (
					"$(inherited)",
					"@executable_path/Frameworks",
					"@loader_path/Frameworks",
				);
				PRODUCT_BUNDLE_IDENTIFIER = nus.cs3217.a0166733y.slimeTests;
				PRODUCT_NAME = "$(TARGET_NAME)";
				SWIFT_VERSION = 4.2;
				TARGETED_DEVICE_FAMILY = "1,2";
				TEST_HOST = "$(BUILT_PRODUCTS_DIR)/slime.app/slime";
			};
			name = Release;
		};
/* End XCBuildConfiguration section */

/* Begin XCConfigurationList section */
		EC3824152238803A000D7148 /* Build configuration list for PBXProject "slime" */ = {
			isa = XCConfigurationList;
			buildConfigurations = (
				EC3824352238803D000D7148 /* Debug */,
				EC3824362238803D000D7148 /* Release */,
			);
			defaultConfigurationIsVisible = 0;
			defaultConfigurationName = Release;
		};
		EC3824372238803D000D7148 /* Build configuration list for PBXNativeTarget "slime" */ = {
			isa = XCConfigurationList;
			buildConfigurations = (
				EC3824382238803D000D7148 /* Debug */,
				EC3824392238803D000D7148 /* Release */,
			);
			defaultConfigurationIsVisible = 0;
			defaultConfigurationName = Release;
		};
		EC38243A2238803D000D7148 /* Build configuration list for PBXNativeTarget "slimeTests" */ = {
			isa = XCConfigurationList;
			buildConfigurations = (
				EC38243B2238803D000D7148 /* Debug */,
				EC38243C2238803D000D7148 /* Release */,
			);
			defaultConfigurationIsVisible = 0;
			defaultConfigurationName = Release;
		};
/* End XCConfigurationList section */
	};
	rootObject = EC3824122238803A000D7148 /* Project object */;
}
